// !$*UTF8*$!
{
	archiveVersion = 1;
	classes = {
	};
	objectVersion = 50;
	objects = {

/* Begin PBXBuildFile section */
		FA190BF1249545B500B70206 /* IntegrationDetailView.swift in Sources */ = {isa = PBXBuildFile; fileRef = FA190BF0249545B500B70206 /* IntegrationDetailView.swift */; };
		FA2696382495FC8900C7F084 /* BotListVM.swift in Sources */ = {isa = PBXBuildFile; fileRef = FA2696372495FC8900C7F084 /* BotListVM.swift */; };
		FA26963A2495FD3100C7F084 /* ExpandableBotListItem.swift in Sources */ = {isa = PBXBuildFile; fileRef = FA2696392495FD3100C7F084 /* ExpandableBotListItem.swift */; };
		FA26963C2495FD7900C7F084 /* BotListItemVM.swift in Sources */ = {isa = PBXBuildFile; fileRef = FA26963B2495FD7900C7F084 /* BotListItemVM.swift */; };
		FA26963E2495FD9800C7F084 /* IntegrationListItemVM.swift in Sources */ = {isa = PBXBuildFile; fileRef = FA26963D2495FD9800C7F084 /* IntegrationListItemVM.swift */; };
		FA26964124960E9900C7F084 /* InfoLabel.swift in Sources */ = {isa = PBXBuildFile; fileRef = FA26964024960E9900C7F084 /* InfoLabel.swift */; };
		FA26964324960F2600C7F084 /* LabeledStringValue.swift in Sources */ = {isa = PBXBuildFile; fileRef = FA26964224960F2600C7F084 /* LabeledStringValue.swift */; };
		FA26964524960F7D00C7F084 /* LabeledBooleanValue.swift in Sources */ = {isa = PBXBuildFile; fileRef = FA26964424960F7D00C7F084 /* LabeledBooleanValue.swift */; };
		FA2696472496124800C7F084 /* BotVM.swift in Sources */ = {isa = PBXBuildFile; fileRef = FA2696462496124800C7F084 /* BotVM.swift */; };
		FA2696492496126200C7F084 /* IntegrationVM.swift in Sources */ = {isa = PBXBuildFile; fileRef = FA2696482496126200C7F084 /* IntegrationVM.swift */; };
		FA26964B24961F6200C7F084 /* Platform.swift in Sources */ = {isa = PBXBuildFile; fileRef = FA26964A24961F6200C7F084 /* Platform.swift */; };
		FA26964D249620A500C7F084 /* LabeledTextInput.swift in Sources */ = {isa = PBXBuildFile; fileRef = FA26964C249620A500C7F084 /* LabeledTextInput.swift */; };
		FA5636C62493BC55002457DF /* AppDelegate.swift in Sources */ = {isa = PBXBuildFile; fileRef = FA5636C52493BC55002457DF /* AppDelegate.swift */; };
		FA5636C82493BC55002457DF /* LoginView.swift in Sources */ = {isa = PBXBuildFile; fileRef = FA5636C72493BC55002457DF /* LoginView.swift */; };
		FA5636CA2493BC56002457DF /* Assets.xcassets in Resources */ = {isa = PBXBuildFile; fileRef = FA5636C92493BC56002457DF /* Assets.xcassets */; };
		FA5636CD2493BC56002457DF /* Preview Assets.xcassets in Resources */ = {isa = PBXBuildFile; fileRef = FA5636CC2493BC56002457DF /* Preview Assets.xcassets */; };
		FA5636D02493BC56002457DF /* Main.storyboard in Resources */ = {isa = PBXBuildFile; fileRef = FA5636CE2493BC56002457DF /* Main.storyboard */; };
		FA5636D92493BDB0002457DF /* BotListView.swift in Sources */ = {isa = PBXBuildFile; fileRef = FA5636D82493BDB0002457DF /* BotListView.swift */; };
		FA5636F52493BEC7002457DF /* IntegrationAssets.swift in Sources */ = {isa = PBXBuildFile; fileRef = FA5636E12493BEC7002457DF /* IntegrationAssets.swift */; };
		FA5636F62493BEC7002457DF /* TriggerConditions.swift in Sources */ = {isa = PBXBuildFile; fileRef = FA5636E22493BEC7002457DF /* TriggerConditions.swift */; };
		FA5636F72493BEC7002457DF /* LogFile.swift in Sources */ = {isa = PBXBuildFile; fileRef = FA5636E32493BEC7002457DF /* LogFile.swift */; };
		FA5636F82493BEC7002457DF /* BotConfiguration.swift in Sources */ = {isa = PBXBuildFile; fileRef = FA5636E42493BEC7002457DF /* BotConfiguration.swift */; };
		FA5636F92493BEC7002457DF /* DeleteResponse.swift in Sources */ = {isa = PBXBuildFile; fileRef = FA5636E52493BEC7002457DF /* DeleteResponse.swift */; };
		FA5636FA2493BEC7002457DF /* ProvisioningConfiguration.swift in Sources */ = {isa = PBXBuildFile; fileRef = FA5636E62493BEC7002457DF /* ProvisioningConfiguration.swift */; };
		FA5636FB2493BEC7002457DF /* EmailConfiguration.swift in Sources */ = {isa = PBXBuildFile; fileRef = FA5636E72493BEC7002457DF /* EmailConfiguration.swift */; };
		FA5636FC2493BEC7002457DF /* Trigger.swift in Sources */ = {isa = PBXBuildFile; fileRef = FA5636E82493BEC7002457DF /* Trigger.swift */; };
		FA5636FD2493BEC7002457DF /* IntegrationsQueryResponse.swift in Sources */ = {isa = PBXBuildFile; fileRef = FA5636E92493BEC7002457DF /* IntegrationsQueryResponse.swift */; };
		FA5636FE2493BEC7002457DF /* RemoteRepository.swift in Sources */ = {isa = PBXBuildFile; fileRef = FA5636EA2493BEC7002457DF /* RemoteRepository.swift */; };
		FA5636FF2493BEC7002457DF /* Integration.swift in Sources */ = {isa = PBXBuildFile; fileRef = FA5636EB2493BEC7002457DF /* Integration.swift */; };
		FA5637002493BEC7002457DF /* Bot.swift in Sources */ = {isa = PBXBuildFile; fileRef = FA5636EC2493BEC7002457DF /* Bot.swift */; };
		FA5637012493BEC7002457DF /* BotsQueryResponse.swift in Sources */ = {isa = PBXBuildFile; fileRef = FA5636ED2493BEC7002457DF /* BotsQueryResponse.swift */; };
		FA5637022493BEC7002457DF /* SourceControlLocation.swift in Sources */ = {isa = PBXBuildFile; fileRef = FA5636EE2493BEC7002457DF /* SourceControlLocation.swift */; };
		FA5637032493BEC7002457DF /* BuildResultSummary.swift in Sources */ = {isa = PBXBuildFile; fileRef = FA5636EF2493BEC7002457DF /* BuildResultSummary.swift */; };
		FA5637042493BEC7002457DF /* TestDevice.swift in Sources */ = {isa = PBXBuildFile; fileRef = FA5636F02493BEC7002457DF /* TestDevice.swift */; };
		FA5637052493BEC7002457DF /* ErrorResponse.swift in Sources */ = {isa = PBXBuildFile; fileRef = FA5636F12493BEC7002457DF /* ErrorResponse.swift */; };
		FA5637062493BEC7002457DF /* TestDeviceSpecification.swift in Sources */ = {isa = PBXBuildFile; fileRef = FA5636F22493BEC7002457DF /* TestDeviceSpecification.swift */; };
		FA5637072493BEC7002457DF /* SourceControlBlueprint.swift in Sources */ = {isa = PBXBuildFile; fileRef = FA5636F32493BEC7002457DF /* SourceControlBlueprint.swift */; };
		FA5637082493BEC7002457DF /* TestDeviceFilter.swift in Sources */ = {isa = PBXBuildFile; fileRef = FA5636F42493BEC7002457DF /* TestDeviceFilter.swift */; };
		FA56370A2493BEDC002457DF /* Server.swift in Sources */ = {isa = PBXBuildFile; fileRef = FA5637092493BEDC002457DF /* Server.swift */; };
		FA56370C2493BEED002457DF /* NSError+ConvenienceInit.swift in Sources */ = {isa = PBXBuildFile; fileRef = FA56370B2493BEED002457DF /* NSError+ConvenienceInit.swift */; };
		FA7B8A472493D10900C26B50 /* BotDetailView.swift in Sources */ = {isa = PBXBuildFile; fileRef = FA7B8A462493D10900C26B50 /* BotDetailView.swift */; };
		FA7B8A4A2493E12900C26B50 /* XCSConnector.swift in Sources */ = {isa = PBXBuildFile; fileRef = FA7B8A492493E12900C26B50 /* XCSConnector.swift */; };
/* End PBXBuildFile section */

/* Begin PBXFileReference section */
		FA190BF0249545B500B70206 /* IntegrationDetailView.swift */ = {isa = PBXFileReference; lastKnownFileType = sourcecode.swift; path = IntegrationDetailView.swift; sourceTree = "<group>"; };
		FA2696372495FC8900C7F084 /* BotListVM.swift */ = {isa = PBXFileReference; lastKnownFileType = sourcecode.swift; path = BotListVM.swift; sourceTree = "<group>"; };
		FA2696392495FD3100C7F084 /* ExpandableBotListItem.swift */ = {isa = PBXFileReference; lastKnownFileType = sourcecode.swift; path = ExpandableBotListItem.swift; sourceTree = "<group>"; };
		FA26963B2495FD7900C7F084 /* BotListItemVM.swift */ = {isa = PBXFileReference; lastKnownFileType = sourcecode.swift; path = BotListItemVM.swift; sourceTree = "<group>"; };
		FA26963D2495FD9800C7F084 /* IntegrationListItemVM.swift */ = {isa = PBXFileReference; lastKnownFileType = sourcecode.swift; path = IntegrationListItemVM.swift; sourceTree = "<group>"; };
		FA26964024960E9900C7F084 /* InfoLabel.swift */ = {isa = PBXFileReference; lastKnownFileType = sourcecode.swift; path = InfoLabel.swift; sourceTree = "<group>"; };
		FA26964224960F2600C7F084 /* LabeledStringValue.swift */ = {isa = PBXFileReference; lastKnownFileType = sourcecode.swift; path = LabeledStringValue.swift; sourceTree = "<group>"; };
		FA26964424960F7D00C7F084 /* LabeledBooleanValue.swift */ = {isa = PBXFileReference; lastKnownFileType = sourcecode.swift; path = LabeledBooleanValue.swift; sourceTree = "<group>"; };
		FA2696462496124800C7F084 /* BotVM.swift */ = {isa = PBXFileReference; lastKnownFileType = sourcecode.swift; path = BotVM.swift; sourceTree = "<group>"; };
		FA2696482496126200C7F084 /* IntegrationVM.swift */ = {isa = PBXFileReference; lastKnownFileType = sourcecode.swift; path = IntegrationVM.swift; sourceTree = "<group>"; };
		FA26964A24961F6200C7F084 /* Platform.swift */ = {isa = PBXFileReference; lastKnownFileType = sourcecode.swift; path = Platform.swift; sourceTree = "<group>"; };
		FA26964C249620A500C7F084 /* LabeledTextInput.swift */ = {isa = PBXFileReference; lastKnownFileType = sourcecode.swift; path = LabeledTextInput.swift; sourceTree = "<group>"; };
		FA5636C22493BC55002457DF /* XCSClient.app */ = {isa = PBXFileReference; explicitFileType = wrapper.application; includeInIndex = 0; path = XCSClient.app; sourceTree = BUILT_PRODUCTS_DIR; };
		FA5636C52493BC55002457DF /* AppDelegate.swift */ = {isa = PBXFileReference; lastKnownFileType = sourcecode.swift; path = AppDelegate.swift; sourceTree = "<group>"; };
		FA5636C72493BC55002457DF /* LoginView.swift */ = {isa = PBXFileReference; lastKnownFileType = sourcecode.swift; path = LoginView.swift; sourceTree = "<group>"; };
		FA5636C92493BC56002457DF /* Assets.xcassets */ = {isa = PBXFileReference; lastKnownFileType = folder.assetcatalog; path = Assets.xcassets; sourceTree = "<group>"; };
		FA5636CC2493BC56002457DF /* Preview Assets.xcassets */ = {isa = PBXFileReference; lastKnownFileType = folder.assetcatalog; path = "Preview Assets.xcassets"; sourceTree = "<group>"; };
		FA5636CF2493BC56002457DF /* Base */ = {isa = PBXFileReference; lastKnownFileType = file.storyboard; name = Base; path = Base.lproj/Main.storyboard; sourceTree = "<group>"; };
		FA5636D12493BC56002457DF /* Info.plist */ = {isa = PBXFileReference; lastKnownFileType = text.plist.xml; path = Info.plist; sourceTree = "<group>"; };
		FA5636D82493BDB0002457DF /* BotListView.swift */ = {isa = PBXFileReference; fileEncoding = 4; lastKnownFileType = sourcecode.swift; path = BotListView.swift; sourceTree = "<group>"; };
		FA5636E12493BEC7002457DF /* IntegrationAssets.swift */ = {isa = PBXFileReference; fileEncoding = 4; lastKnownFileType = sourcecode.swift; path = IntegrationAssets.swift; sourceTree = "<group>"; };
		FA5636E22493BEC7002457DF /* TriggerConditions.swift */ = {isa = PBXFileReference; fileEncoding = 4; lastKnownFileType = sourcecode.swift; path = TriggerConditions.swift; sourceTree = "<group>"; };
		FA5636E32493BEC7002457DF /* LogFile.swift */ = {isa = PBXFileReference; fileEncoding = 4; lastKnownFileType = sourcecode.swift; path = LogFile.swift; sourceTree = "<group>"; };
		FA5636E42493BEC7002457DF /* BotConfiguration.swift */ = {isa = PBXFileReference; fileEncoding = 4; lastKnownFileType = sourcecode.swift; path = BotConfiguration.swift; sourceTree = "<group>"; };
		FA5636E52493BEC7002457DF /* DeleteResponse.swift */ = {isa = PBXFileReference; fileEncoding = 4; lastKnownFileType = sourcecode.swift; path = DeleteResponse.swift; sourceTree = "<group>"; };
		FA5636E62493BEC7002457DF /* ProvisioningConfiguration.swift */ = {isa = PBXFileReference; fileEncoding = 4; lastKnownFileType = sourcecode.swift; path = ProvisioningConfiguration.swift; sourceTree = "<group>"; };
		FA5636E72493BEC7002457DF /* EmailConfiguration.swift */ = {isa = PBXFileReference; fileEncoding = 4; lastKnownFileType = sourcecode.swift; path = EmailConfiguration.swift; sourceTree = "<group>"; };
		FA5636E82493BEC7002457DF /* Trigger.swift */ = {isa = PBXFileReference; fileEncoding = 4; lastKnownFileType = sourcecode.swift; path = Trigger.swift; sourceTree = "<group>"; };
		FA5636E92493BEC7002457DF /* IntegrationsQueryResponse.swift */ = {isa = PBXFileReference; fileEncoding = 4; lastKnownFileType = sourcecode.swift; path = IntegrationsQueryResponse.swift; sourceTree = "<group>"; };
		FA5636EA2493BEC7002457DF /* RemoteRepository.swift */ = {isa = PBXFileReference; fileEncoding = 4; lastKnownFileType = sourcecode.swift; path = RemoteRepository.swift; sourceTree = "<group>"; };
		FA5636EB2493BEC7002457DF /* Integration.swift */ = {isa = PBXFileReference; fileEncoding = 4; lastKnownFileType = sourcecode.swift; path = Integration.swift; sourceTree = "<group>"; };
		FA5636EC2493BEC7002457DF /* Bot.swift */ = {isa = PBXFileReference; fileEncoding = 4; lastKnownFileType = sourcecode.swift; path = Bot.swift; sourceTree = "<group>"; };
		FA5636ED2493BEC7002457DF /* BotsQueryResponse.swift */ = {isa = PBXFileReference; fileEncoding = 4; lastKnownFileType = sourcecode.swift; path = BotsQueryResponse.swift; sourceTree = "<group>"; };
		FA5636EE2493BEC7002457DF /* SourceControlLocation.swift */ = {isa = PBXFileReference; fileEncoding = 4; lastKnownFileType = sourcecode.swift; path = SourceControlLocation.swift; sourceTree = "<group>"; };
		FA5636EF2493BEC7002457DF /* BuildResultSummary.swift */ = {isa = PBXFileReference; fileEncoding = 4; lastKnownFileType = sourcecode.swift; path = BuildResultSummary.swift; sourceTree = "<group>"; };
		FA5636F02493BEC7002457DF /* TestDevice.swift */ = {isa = PBXFileReference; fileEncoding = 4; lastKnownFileType = sourcecode.swift; path = TestDevice.swift; sourceTree = "<group>"; };
		FA5636F12493BEC7002457DF /* ErrorResponse.swift */ = {isa = PBXFileReference; fileEncoding = 4; lastKnownFileType = sourcecode.swift; path = ErrorResponse.swift; sourceTree = "<group>"; };
		FA5636F22493BEC7002457DF /* TestDeviceSpecification.swift */ = {isa = PBXFileReference; fileEncoding = 4; lastKnownFileType = sourcecode.swift; path = TestDeviceSpecification.swift; sourceTree = "<group>"; };
		FA5636F32493BEC7002457DF /* SourceControlBlueprint.swift */ = {isa = PBXFileReference; fileEncoding = 4; lastKnownFileType = sourcecode.swift; path = SourceControlBlueprint.swift; sourceTree = "<group>"; };
		FA5636F42493BEC7002457DF /* TestDeviceFilter.swift */ = {isa = PBXFileReference; fileEncoding = 4; lastKnownFileType = sourcecode.swift; path = TestDeviceFilter.swift; sourceTree = "<group>"; };
		FA5637092493BEDC002457DF /* Server.swift */ = {isa = PBXFileReference; fileEncoding = 4; lastKnownFileType = sourcecode.swift; path = Server.swift; sourceTree = "<group>"; };
		FA56370B2493BEED002457DF /* NSError+ConvenienceInit.swift */ = {isa = PBXFileReference; fileEncoding = 4; lastKnownFileType = sourcecode.swift; path = "NSError+ConvenienceInit.swift"; sourceTree = "<group>"; };
		FA7B8A442493C3C300C26B50 /* XCSClientDebug.entitlements */ = {isa = PBXFileReference; lastKnownFileType = text.plist.entitlements; path = XCSClientDebug.entitlements; sourceTree = "<group>"; };
		FA7B8A452493C49300C26B50 /* XCSClient.entitlements */ = {isa = PBXFileReference; lastKnownFileType = text.plist.entitlements; path = XCSClient.entitlements; sourceTree = "<group>"; };
		FA7B8A462493D10900C26B50 /* BotDetailView.swift */ = {isa = PBXFileReference; lastKnownFileType = sourcecode.swift; path = BotDetailView.swift; sourceTree = "<group>"; };
		FA7B8A482493D57600C26B50 /* .gitignore */ = {isa = PBXFileReference; lastKnownFileType = text; path = .gitignore; sourceTree = SOURCE_ROOT; };
		FA7B8A492493E12900C26B50 /* XCSConnector.swift */ = {isa = PBXFileReference; lastKnownFileType = sourcecode.swift; path = XCSConnector.swift; sourceTree = "<group>"; };
/* End PBXFileReference section */

/* Begin PBXFrameworksBuildPhase section */
		FA5636BF2493BC55002457DF /* Frameworks */ = {
			isa = PBXFrameworksBuildPhase;
			buildActionMask = 2147483647;
			files = (
			);
			runOnlyForDeploymentPostprocessing = 0;
		};
/* End PBXFrameworksBuildPhase section */

/* Begin PBXGroup section */
		FA2696362495FC6700C7F084 /* ViewModels */ = {
			isa = PBXGroup;
			children = (
				FA2696462496124800C7F084 /* BotVM.swift */,
				FA2696482496126200C7F084 /* IntegrationVM.swift */,
				FA2696372495FC8900C7F084 /* BotListVM.swift */,
				FA2696392495FD3100C7F084 /* ExpandableBotListItem.swift */,
				FA26963B2495FD7900C7F084 /* BotListItemVM.swift */,
				FA26963D2495FD9800C7F084 /* IntegrationListItemVM.swift */,
			);
			path = ViewModels;
			sourceTree = "<group>";
		};
		FA26963F24960E7200C7F084 /* ViewElements */ = {
			isa = PBXGroup;
			children = (
				FA26964024960E9900C7F084 /* InfoLabel.swift */,
				FA26964224960F2600C7F084 /* LabeledStringValue.swift */,
				FA26964424960F7D00C7F084 /* LabeledBooleanValue.swift */,
				FA26964C249620A500C7F084 /* LabeledTextInput.swift */,
			);
			path = ViewElements;
			sourceTree = "<group>";
		};
		FA5636B92493BC55002457DF = {
			isa = PBXGroup;
			children = (
				FA5636C42493BC55002457DF /* XCSClient */,
				FA5636C32493BC55002457DF /* Products */,
			);
			sourceTree = "<group>";
		};
		FA5636C32493BC55002457DF /* Products */ = {
			isa = PBXGroup;
			children = (
				FA5636C22493BC55002457DF /* XCSClient.app */,
			);
			name = Products;
			sourceTree = "<group>";
		};
		FA5636C42493BC55002457DF /* XCSClient */ = {
			isa = PBXGroup;
			children = (
				FA5636DC2493BDD8002457DF /* Application */,
				FA5636DB2493BDCD002457DF /* Business */,
				FA5636DA2493BDB8002457DF /* Presentation */,
				FA5636DD2493BE0A002457DF /* SupportingFiles */,
				FA5636CB2493BC56002457DF /* Preview Content */,
			);
			path = XCSClient;
			sourceTree = "<group>";
		};
		FA5636CB2493BC56002457DF /* Preview Content */ = {
			isa = PBXGroup;
			children = (
				FA5636CC2493BC56002457DF /* Preview Assets.xcassets */,
			);
			path = "Preview Content";
			sourceTree = "<group>";
		};
		FA5636DA2493BDB8002457DF /* Presentation */ = {
			isa = PBXGroup;
			children = (
				FA5636C72493BC55002457DF /* LoginView.swift */,
				FA5636D82493BDB0002457DF /* BotListView.swift */,
				FA7B8A462493D10900C26B50 /* BotDetailView.swift */,
				FA190BF0249545B500B70206 /* IntegrationDetailView.swift */,
				FA26963F24960E7200C7F084 /* ViewElements */,
				FA7B8A4B2493E60E00C26B50 /* Menu */,
			);
			path = Presentation;
			sourceTree = "<group>";
		};
		FA5636DB2493BDCD002457DF /* Business */ = {
			isa = PBXGroup;
			children = (
				FA7B8A492493E12900C26B50 /* XCSConnector.swift */,
				FA5636E02493BEC7002457DF /* NetworkModels */,
				FA2696362495FC6700C7F084 /* ViewModels */,
			);
			path = Business;
			sourceTree = "<group>";
		};
		FA5636DC2493BDD8002457DF /* Application */ = {
			isa = PBXGroup;
			children = (
				FA5636C52493BC55002457DF /* AppDelegate.swift */,
				FA5637092493BEDC002457DF /* Server.swift */,
				FA56370D2493C16E002457DF /* Extensions */,
			);
			path = Application;
			sourceTree = "<group>";
		};
		FA5636DD2493BE0A002457DF /* SupportingFiles */ = {
			isa = PBXGroup;
			children = (
				FA5636D12493BC56002457DF /* Info.plist */,
				FA5636C92493BC56002457DF /* Assets.xcassets */,
				FA7B8A452493C49300C26B50 /* XCSClient.entitlements */,
				FA7B8A442493C3C300C26B50 /* XCSClientDebug.entitlements */,
				FA7B8A482493D57600C26B50 /* .gitignore */,
			);
			name = SupportingFiles;
			sourceTree = "<group>";
		};
		FA5636E02493BEC7002457DF /* NetworkModels */ = {
			isa = PBXGroup;
			children = (
				FA7B8A4E2494B41D00C26B50 /* ResponseObjects */,
				FA7B8A4F2494B43800C26B50 /* Bot */,
				FA7B8A502494B45500C26B50 /* Integration */,
			);
			path = NetworkModels;
			sourceTree = "<group>";
		};
		FA56370D2493C16E002457DF /* Extensions */ = {
			isa = PBXGroup;
			children = (
				FA56370B2493BEED002457DF /* NSError+ConvenienceInit.swift */,
			);
			path = Extensions;
			sourceTree = "<group>";
		};
		FA7B8A4B2493E60E00C26B50 /* Menu */ = {
			isa = PBXGroup;
			children = (
				FA5636CE2493BC56002457DF /* Main.storyboard */,
			);
			path = Menu;
			sourceTree = "<group>";
		};
		FA7B8A4E2494B41D00C26B50 /* ResponseObjects */ = {
			isa = PBXGroup;
			children = (
				FA5636ED2493BEC7002457DF /* BotsQueryResponse.swift */,
				FA5636E92493BEC7002457DF /* IntegrationsQueryResponse.swift */,
				FA5636E52493BEC7002457DF /* DeleteResponse.swift */,
				FA5636F12493BEC7002457DF /* ErrorResponse.swift */,
			);
			path = ResponseObjects;
			sourceTree = "<group>";
		};
		FA7B8A4F2494B43800C26B50 /* Bot */ = {
			isa = PBXGroup;
			children = (
				FA5636EC2493BEC7002457DF /* Bot.swift */,
				FA5636E42493BEC7002457DF /* BotConfiguration.swift */,
				FA5636F22493BEC7002457DF /* TestDeviceSpecification.swift */,
				FA5636F42493BEC7002457DF /* TestDeviceFilter.swift */,
				FA26964A24961F6200C7F084 /* Platform.swift */,
				FA5636E62493BEC7002457DF /* ProvisioningConfiguration.swift */,
				FA5636F32493BEC7002457DF /* SourceControlBlueprint.swift */,
				FA5636EE2493BEC7002457DF /* SourceControlLocation.swift */,
				FA5636EA2493BEC7002457DF /* RemoteRepository.swift */,
				FA5636E82493BEC7002457DF /* Trigger.swift */,
				FA5636E22493BEC7002457DF /* TriggerConditions.swift */,
				FA5636E72493BEC7002457DF /* EmailConfiguration.swift */,
			);
			path = Bot;
			sourceTree = "<group>";
		};
		FA7B8A502494B45500C26B50 /* Integration */ = {
			isa = PBXGroup;
			children = (
				FA5636EB2493BEC7002457DF /* Integration.swift */,
				FA5636E12493BEC7002457DF /* IntegrationAssets.swift */,
				FA5636E32493BEC7002457DF /* LogFile.swift */,
				FA5636EF2493BEC7002457DF /* BuildResultSummary.swift */,
				FA5636F02493BEC7002457DF /* TestDevice.swift */,
			);
			path = Integration;
			sourceTree = "<group>";
		};
/* End PBXGroup section */

/* Begin PBXNativeTarget section */
		FA5636C12493BC55002457DF /* XCSClient */ = {
			isa = PBXNativeTarget;
			buildConfigurationList = FA5636D52493BC56002457DF /* Build configuration list for PBXNativeTarget "XCSClient" */;
			buildPhases = (
				FA5636BE2493BC55002457DF /* Sources */,
				FA5636BF2493BC55002457DF /* Frameworks */,
				FA5636C02493BC55002457DF /* Resources */,
			);
			buildRules = (
			);
			dependencies = (
			);
			name = XCSClient;
			productName = XCSClient;
			productReference = FA5636C22493BC55002457DF /* XCSClient.app */;
			productType = "com.apple.product-type.application";
		};
/* End PBXNativeTarget section */

/* Begin PBXProject section */
		FA5636BA2493BC55002457DF /* Project object */ = {
			isa = PBXProject;
			attributes = {
				LastSwiftUpdateCheck = 1150;
				LastUpgradeCheck = 1150;
				ORGANIZATIONNAME = Farbflash;
				TargetAttributes = {
					FA5636C12493BC55002457DF = {
						CreatedOnToolsVersion = 11.5;
					};
				};
			};
			buildConfigurationList = FA5636BD2493BC55002457DF /* Build configuration list for PBXProject "XCSClient" */;
			compatibilityVersion = "Xcode 9.3";
			developmentRegion = en;
			hasScannedForEncodings = 0;
			knownRegions = (
				en,
				Base,
			);
			mainGroup = FA5636B92493BC55002457DF;
			productRefGroup = FA5636C32493BC55002457DF /* Products */;
			projectDirPath = "";
			projectRoot = "";
			targets = (
				FA5636C12493BC55002457DF /* XCSClient */,
			);
		};
/* End PBXProject section */

/* Begin PBXResourcesBuildPhase section */
		FA5636C02493BC55002457DF /* Resources */ = {
			isa = PBXResourcesBuildPhase;
			buildActionMask = 2147483647;
			files = (
				FA5636D02493BC56002457DF /* Main.storyboard in Resources */,
				FA5636CD2493BC56002457DF /* Preview Assets.xcassets in Resources */,
				FA5636CA2493BC56002457DF /* Assets.xcassets in Resources */,
			);
			runOnlyForDeploymentPostprocessing = 0;
		};
/* End PBXResourcesBuildPhase section */

/* Begin PBXSourcesBuildPhase section */
		FA5636BE2493BC55002457DF /* Sources */ = {
			isa = PBXSourcesBuildPhase;
			buildActionMask = 2147483647;
			files = (
				FA5636F72493BEC7002457DF /* LogFile.swift in Sources */,
				FA26963C2495FD7900C7F084 /* BotListItemVM.swift in Sources */,
				FA7B8A472493D10900C26B50 /* BotDetailView.swift in Sources */,
				FA26963E2495FD9800C7F084 /* IntegrationListItemVM.swift in Sources */,
				FA5636F92493BEC7002457DF /* DeleteResponse.swift in Sources */,
				FA5636FF2493BEC7002457DF /* Integration.swift in Sources */,
				FA2696472496124800C7F084 /* BotVM.swift in Sources */,
				FA2696492496126200C7F084 /* IntegrationVM.swift in Sources */,
				FA5636FD2493BEC7002457DF /* IntegrationsQueryResponse.swift in Sources */,
				FA5636FE2493BEC7002457DF /* RemoteRepository.swift in Sources */,
				FA190BF1249545B500B70206 /* IntegrationDetailView.swift in Sources */,
				FA26963A2495FD3100C7F084 /* ExpandableBotListItem.swift in Sources */,
				FA56370C2493BEED002457DF /* NSError+ConvenienceInit.swift in Sources */,
				FA5636D92493BDB0002457DF /* BotListView.swift in Sources */,
				FA5636F52493BEC7002457DF /* IntegrationAssets.swift in Sources */,
				FA2696382495FC8900C7F084 /* BotListVM.swift in Sources */,
				FA5636C82493BC55002457DF /* LoginView.swift in Sources */,
				FA7B8A4A2493E12900C26B50 /* XCSConnector.swift in Sources */,
				FA5636FB2493BEC7002457DF /* EmailConfiguration.swift in Sources */,
				FA5637002493BEC7002457DF /* Bot.swift in Sources */,
				FA26964124960E9900C7F084 /* InfoLabel.swift in Sources */,
				FA5636FC2493BEC7002457DF /* Trigger.swift in Sources */,
				FA26964B24961F6200C7F084 /* Platform.swift in Sources */,
				FA5636F82493BEC7002457DF /* BotConfiguration.swift in Sources */,
				FA26964D249620A500C7F084 /* LabeledTextInput.swift in Sources */,
				FA5636F62493BEC7002457DF /* TriggerConditions.swift in Sources */,
				FA26964324960F2600C7F084 /* LabeledStringValue.swift in Sources */,
				FA5637022493BEC7002457DF /* SourceControlLocation.swift in Sources */,
				FA5637072493BEC7002457DF /* SourceControlBlueprint.swift in Sources */,
				FA5637032493BEC7002457DF /* BuildResultSummary.swift in Sources */,
				FA5637052493BEC7002457DF /* ErrorResponse.swift in Sources */,
				FA5637082493BEC7002457DF /* TestDeviceFilter.swift in Sources */,
				FA5636FA2493BEC7002457DF /* ProvisioningConfiguration.swift in Sources */,
				FA5636C62493BC55002457DF /* AppDelegate.swift in Sources */,
				FA5637062493BEC7002457DF /* TestDeviceSpecification.swift in Sources */,
				FA5637042493BEC7002457DF /* TestDevice.swift in Sources */,
				FA26964524960F7D00C7F084 /* LabeledBooleanValue.swift in Sources */,
				FA56370A2493BEDC002457DF /* Server.swift in Sources */,
				FA5637012493BEC7002457DF /* BotsQueryResponse.swift in Sources */,
			);
			runOnlyForDeploymentPostprocessing = 0;
		};
/* End PBXSourcesBuildPhase section */

/* Begin PBXVariantGroup section */
		FA5636CE2493BC56002457DF /* Main.storyboard */ = {
			isa = PBXVariantGroup;
			children = (
				FA5636CF2493BC56002457DF /* Base */,
			);
			name = Main.storyboard;
			sourceTree = "<group>";
		};
/* End PBXVariantGroup section */

/* Begin XCBuildConfiguration section */
		FA5636D32493BC56002457DF /* Debug */ = {
			isa = XCBuildConfiguration;
			buildSettings = {
				ALWAYS_SEARCH_USER_PATHS = NO;
				CLANG_ANALYZER_NONNULL = YES;
				CLANG_ANALYZER_NUMBER_OBJECT_CONVERSION = YES_AGGRESSIVE;
				CLANG_CXX_LANGUAGE_STANDARD = "gnu++14";
				CLANG_CXX_LIBRARY = "libc++";
				CLANG_ENABLE_MODULES = YES;
				CLANG_ENABLE_OBJC_ARC = YES;
				CLANG_ENABLE_OBJC_WEAK = YES;
				CLANG_WARN_BLOCK_CAPTURE_AUTORELEASING = YES;
				CLANG_WARN_BOOL_CONVERSION = YES;
				CLANG_WARN_COMMA = YES;
				CLANG_WARN_CONSTANT_CONVERSION = YES;
				CLANG_WARN_DEPRECATED_OBJC_IMPLEMENTATIONS = YES;
				CLANG_WARN_DIRECT_OBJC_ISA_USAGE = YES_ERROR;
				CLANG_WARN_DOCUMENTATION_COMMENTS = YES;
				CLANG_WARN_EMPTY_BODY = YES;
				CLANG_WARN_ENUM_CONVERSION = YES;
				CLANG_WARN_INFINITE_RECURSION = YES;
				CLANG_WARN_INT_CONVERSION = YES;
				CLANG_WARN_NON_LITERAL_NULL_CONVERSION = YES;
				CLANG_WARN_OBJC_IMPLICIT_RETAIN_SELF = YES;
				CLANG_WARN_OBJC_LITERAL_CONVERSION = YES;
				CLANG_WARN_OBJC_ROOT_CLASS = YES_ERROR;
				CLANG_WARN_RANGE_LOOP_ANALYSIS = YES;
				CLANG_WARN_STRICT_PROTOTYPES = YES;
				CLANG_WARN_SUSPICIOUS_MOVE = YES;
				CLANG_WARN_UNGUARDED_AVAILABILITY = YES_AGGRESSIVE;
				CLANG_WARN_UNREACHABLE_CODE = YES;
				CLANG_WARN__DUPLICATE_METHOD_MATCH = YES;
				COPY_PHASE_STRIP = NO;
				DEBUG_INFORMATION_FORMAT = dwarf;
				ENABLE_STRICT_OBJC_MSGSEND = YES;
				ENABLE_TESTABILITY = YES;
				GCC_C_LANGUAGE_STANDARD = gnu11;
				GCC_DYNAMIC_NO_PIC = NO;
				GCC_NO_COMMON_BLOCKS = YES;
				GCC_OPTIMIZATION_LEVEL = 0;
				GCC_PREPROCESSOR_DEFINITIONS = (
					"DEBUG=1",
					"$(inherited)",
				);
				GCC_WARN_64_TO_32_BIT_CONVERSION = YES;
				GCC_WARN_ABOUT_RETURN_TYPE = YES_ERROR;
				GCC_WARN_UNDECLARED_SELECTOR = YES;
				GCC_WARN_UNINITIALIZED_AUTOS = YES_AGGRESSIVE;
				GCC_WARN_UNUSED_FUNCTION = YES;
				GCC_WARN_UNUSED_VARIABLE = YES;
				MACOSX_DEPLOYMENT_TARGET = 10.15;
				MTL_ENABLE_DEBUG_INFO = INCLUDE_SOURCE;
				MTL_FAST_MATH = YES;
				ONLY_ACTIVE_ARCH = YES;
				SDKROOT = macosx;
				SWIFT_ACTIVE_COMPILATION_CONDITIONS = DEBUG;
				SWIFT_OPTIMIZATION_LEVEL = "-Onone";
			};
			name = Debug;
		};
		FA5636D42493BC56002457DF /* Release */ = {
			isa = XCBuildConfiguration;
			buildSettings = {
				ALWAYS_SEARCH_USER_PATHS = NO;
				CLANG_ANALYZER_NONNULL = YES;
				CLANG_ANALYZER_NUMBER_OBJECT_CONVERSION = YES_AGGRESSIVE;
				CLANG_CXX_LANGUAGE_STANDARD = "gnu++14";
				CLANG_CXX_LIBRARY = "libc++";
				CLANG_ENABLE_MODULES = YES;
				CLANG_ENABLE_OBJC_ARC = YES;
				CLANG_ENABLE_OBJC_WEAK = YES;
				CLANG_WARN_BLOCK_CAPTURE_AUTORELEASING = YES;
				CLANG_WARN_BOOL_CONVERSION = YES;
				CLANG_WARN_COMMA = YES;
				CLANG_WARN_CONSTANT_CONVERSION = YES;
				CLANG_WARN_DEPRECATED_OBJC_IMPLEMENTATIONS = YES;
				CLANG_WARN_DIRECT_OBJC_ISA_USAGE = YES_ERROR;
				CLANG_WARN_DOCUMENTATION_COMMENTS = YES;
				CLANG_WARN_EMPTY_BODY = YES;
				CLANG_WARN_ENUM_CONVERSION = YES;
				CLANG_WARN_INFINITE_RECURSION = YES;
				CLANG_WARN_INT_CONVERSION = YES;
				CLANG_WARN_NON_LITERAL_NULL_CONVERSION = YES;
				CLANG_WARN_OBJC_IMPLICIT_RETAIN_SELF = YES;
				CLANG_WARN_OBJC_LITERAL_CONVERSION = YES;
				CLANG_WARN_OBJC_ROOT_CLASS = YES_ERROR;
				CLANG_WARN_RANGE_LOOP_ANALYSIS = YES;
				CLANG_WARN_STRICT_PROTOTYPES = YES;
				CLANG_WARN_SUSPICIOUS_MOVE = YES;
				CLANG_WARN_UNGUARDED_AVAILABILITY = YES_AGGRESSIVE;
				CLANG_WARN_UNREACHABLE_CODE = YES;
				CLANG_WARN__DUPLICATE_METHOD_MATCH = YES;
				COPY_PHASE_STRIP = NO;
				DEBUG_INFORMATION_FORMAT = "dwarf-with-dsym";
				ENABLE_NS_ASSERTIONS = NO;
				ENABLE_STRICT_OBJC_MSGSEND = YES;
				GCC_C_LANGUAGE_STANDARD = gnu11;
				GCC_NO_COMMON_BLOCKS = YES;
				GCC_WARN_64_TO_32_BIT_CONVERSION = YES;
				GCC_WARN_ABOUT_RETURN_TYPE = YES_ERROR;
				GCC_WARN_UNDECLARED_SELECTOR = YES;
				GCC_WARN_UNINITIALIZED_AUTOS = YES_AGGRESSIVE;
				GCC_WARN_UNUSED_FUNCTION = YES;
				GCC_WARN_UNUSED_VARIABLE = YES;
				MACOSX_DEPLOYMENT_TARGET = 10.15;
				MTL_ENABLE_DEBUG_INFO = NO;
				MTL_FAST_MATH = YES;
				SDKROOT = macosx;
				SWIFT_COMPILATION_MODE = wholemodule;
				SWIFT_OPTIMIZATION_LEVEL = "-O";
			};
			name = Release;
		};
		FA5636D62493BC56002457DF /* Debug */ = {
			isa = XCBuildConfiguration;
			buildSettings = {
				ASSETCATALOG_COMPILER_APPICON_NAME = AppIcon;
				CODE_SIGN_ENTITLEMENTS = XCSClient/XCSClientDebug.entitlements;
				CODE_SIGN_STYLE = Automatic;
				COMBINE_HIDPI_IMAGES = YES;
				DEVELOPMENT_ASSET_PATHS = "\"XCSClient/Preview Content\"";
				DEVELOPMENT_TEAM = GNGL9A39VR;
				ENABLE_HARDENED_RUNTIME = YES;
				ENABLE_PREVIEWS = YES;
				INFOPLIST_FILE = XCSClient/Info.plist;
				LD_RUNPATH_SEARCH_PATHS = (
					"$(inherited)",
					"@executable_path/../Frameworks",
				);
				MACOSX_DEPLOYMENT_TARGET = 10.15;
				PRODUCT_BUNDLE_IDENTIFIER = com.farbflash.XCSClient;
				PRODUCT_NAME = "$(TARGET_NAME)";
				SWIFT_VERSION = 5.0;
			};
			name = Debug;
		};
		FA5636D72493BC56002457DF /* Release */ = {
			isa = XCBuildConfiguration;
			buildSettings = {
				ASSETCATALOG_COMPILER_APPICON_NAME = AppIcon;
				CODE_SIGN_ENTITLEMENTS = XCSClient/XCSClient.entitlements;
				CODE_SIGN_STYLE = Automatic;
				COMBINE_HIDPI_IMAGES = YES;
				DEVELOPMENT_ASSET_PATHS = "\"XCSClient/Preview Content\"";
				DEVELOPMENT_TEAM = GNGL9A39VR;
				ENABLE_HARDENED_RUNTIME = YES;
				ENABLE_PREVIEWS = YES;
				INFOPLIST_FILE = XCSClient/Info.plist;
				LD_RUNPATH_SEARCH_PATHS = (
					"$(inherited)",
					"@executable_path/../Frameworks",
				);
				MACOSX_DEPLOYMENT_TARGET = 10.15;
				PRODUCT_BUNDLE_IDENTIFIER = com.farbflash.XCSClient;
				PRODUCT_NAME = "$(TARGET_NAME)";
				SWIFT_VERSION = 5.0;
			};
			name = Release;
		};
/* End XCBuildConfiguration section */

/* Begin XCConfigurationList section */
		FA5636BD2493BC55002457DF /* Build configuration list for PBXProject "XCSClient" */ = {
			isa = XCConfigurationList;
			buildConfigurations = (
				FA5636D32493BC56002457DF /* Debug */,
				FA5636D42493BC56002457DF /* Release */,
			);
			defaultConfigurationIsVisible = 0;
			defaultConfigurationName = Release;
		};
		FA5636D52493BC56002457DF /* Build configuration list for PBXNativeTarget "XCSClient" */ = {
			isa = XCConfigurationList;
			buildConfigurations = (
				FA5636D62493BC56002457DF /* Debug */,
				FA5636D72493BC56002457DF /* Release */,
			);
			defaultConfigurationIsVisible = 0;
			defaultConfigurationName = Release;
		};
/* End XCConfigurationList section */
	};
	rootObject = FA5636BA2493BC55002457DF /* Project object */;
}
