// !$*UTF8*$!
{
	archiveVersion = 1;
	classes = {
	};
	objectVersion = 50;
	objects = {

/* Begin PBXBuildFile section */
		FA0CE314259A6C28003E9E43 /* CDTriggerConditions+Codable.swift in Sources */ = {isa = PBXBuildFile; fileRef = FA0CE313259A6C28003E9E43 /* CDTriggerConditions+Codable.swift */; };
		FA0CE317259A6D31003E9E43 /* CDEmailConfiguration+Codable.swift in Sources */ = {isa = PBXBuildFile; fileRef = FA0CE316259A6D31003E9E43 /* CDEmailConfiguration+Codable.swift */; };
		FA0FA21125A3FE7D00BBCB0C /* BotSortOrder.swift in Sources */ = {isa = PBXBuildFile; fileRef = FA0FA21025A3FE7D00BBCB0C /* BotSortOrder.swift */; };
		FA12063825A28E7600E8190E /* Colors.swift in Sources */ = {isa = PBXBuildFile; fileRef = FA12063725A28E7600E8190E /* Colors.swift */; };
		FA17F9132496890C000A149D /* ActivityIndicator.swift in Sources */ = {isa = PBXBuildFile; fileRef = FA17F9122496890C000A149D /* ActivityIndicator.swift */; };
		FA17F9192496D1E6000A149D /* ButtonLabel.swift in Sources */ = {isa = PBXBuildFile; fileRef = FA17F9182496D1E6000A149D /* ButtonLabel.swift */; };
		FA190BF1249545B500B70206 /* IntegrationDetailView.swift in Sources */ = {isa = PBXBuildFile; fileRef = FA190BF0249545B500B70206 /* IntegrationDetailView.swift */; };
		FA20876624BBACD60013CC21 /* BotEditorData.swift in Sources */ = {isa = PBXBuildFile; fileRef = FA20876524BBACD60013CC21 /* BotEditorData.swift */; };
		FA20876824BBAD5B0013CC21 /* TriggerScript.swift in Sources */ = {isa = PBXBuildFile; fileRef = FA20876724BBAD5B0013CC21 /* TriggerScript.swift */; };
		FA20876A24BBB5410013CC21 /* FileDescriptor.swift in Sources */ = {isa = PBXBuildFile; fileRef = FA20876924BBB5410013CC21 /* FileDescriptor.swift */; };
		FA26964124960E9900C7F084 /* InfoLabel.swift in Sources */ = {isa = PBXBuildFile; fileRef = FA26964024960E9900C7F084 /* InfoLabel.swift */; };
		FA26964324960F2600C7F084 /* LabeledStringValue.swift in Sources */ = {isa = PBXBuildFile; fileRef = FA26964224960F2600C7F084 /* LabeledStringValue.swift */; };
		FA26964B24961F6200C7F084 /* Platform.swift in Sources */ = {isa = PBXBuildFile; fileRef = FA26964A24961F6200C7F084 /* Platform.swift */; };
		FA26964D249620A500C7F084 /* LabeledTextInput.swift in Sources */ = {isa = PBXBuildFile; fileRef = FA26964C249620A500C7F084 /* LabeledTextInput.swift */; };
		FA3E643825ACD47600EDD348 /* CreateNewBotForm.swift in Sources */ = {isa = PBXBuildFile; fileRef = FA3E643725ACD47600EDD348 /* CreateNewBotForm.swift */; };
		FA3E643B25AD8BB200EDD348 /* Colors.xcassets in Resources */ = {isa = PBXBuildFile; fileRef = FA3E643A25AD8BB200EDD348 /* Colors.xcassets */; };
		FA3E646125AE134600EDD348 /* CapsuleText.swift in Sources */ = {isa = PBXBuildFile; fileRef = FA3E646025AE134600EDD348 /* CapsuleText.swift */; };
		FA3E646425AE1CB000EDD348 /* IntegrationResultsIconView.swift in Sources */ = {isa = PBXBuildFile; fileRef = FA3E646325AE1CAF00EDD348 /* IntegrationResultsIconView.swift */; };
		FA3E646725AE2C4D00EDD348 /* CDRevisionInfo+Codable.swift in Sources */ = {isa = PBXBuildFile; fileRef = FA3E646625AE2C4D00EDD348 /* CDRevisionInfo+Codable.swift */; };
		FA4A636F2594C3F2006DD873 /* CoreDataPersistence.swift in Sources */ = {isa = PBXBuildFile; fileRef = FA4A636E2594C3F2006DD873 /* CoreDataPersistence.swift */; };
		FA4A63742594C44C006DD873 /* XCSClient.xcdatamodeld in Sources */ = {isa = PBXBuildFile; fileRef = FA4A63722594C44C006DD873 /* XCSClient.xcdatamodeld */; };
		FA4A63792594CB76006DD873 /* MainView.swift in Sources */ = {isa = PBXBuildFile; fileRef = FA4A63782594CB76006DD873 /* MainView.swift */; };
		FA520B8C24F011C2001FFFEA /* ArchiveExportOptions.swift in Sources */ = {isa = PBXBuildFile; fileRef = FA520B8B24F011C2001FFFEA /* ArchiveExportOptions.swift */; };
		FA5636C62493BC55002457DF /* AppDelegate.swift in Sources */ = {isa = PBXBuildFile; fileRef = FA5636C52493BC55002457DF /* AppDelegate.swift */; };
		FA5636CA2493BC56002457DF /* Assets.xcassets in Resources */ = {isa = PBXBuildFile; fileRef = FA5636C92493BC56002457DF /* Assets.xcassets */; };
		FA5636CD2493BC56002457DF /* Preview Assets.xcassets in Resources */ = {isa = PBXBuildFile; fileRef = FA5636CC2493BC56002457DF /* Preview Assets.xcassets */; };
		FA5636D02493BC56002457DF /* Main.storyboard in Resources */ = {isa = PBXBuildFile; fileRef = FA5636CE2493BC56002457DF /* Main.storyboard */; };
		FA5636F52493BEC7002457DF /* IntegrationAssets.swift in Sources */ = {isa = PBXBuildFile; fileRef = FA5636E12493BEC7002457DF /* IntegrationAssets.swift */; };
		FA5636F62493BEC7002457DF /* TriggerConditions.swift in Sources */ = {isa = PBXBuildFile; fileRef = FA5636E22493BEC7002457DF /* TriggerConditions.swift */; };
		FA5636F72493BEC7002457DF /* LogFile.swift in Sources */ = {isa = PBXBuildFile; fileRef = FA5636E32493BEC7002457DF /* LogFile.swift */; };
		FA5636F82493BEC7002457DF /* BotConfiguration.swift in Sources */ = {isa = PBXBuildFile; fileRef = FA5636E42493BEC7002457DF /* BotConfiguration.swift */; };
		FA5636F92493BEC7002457DF /* DeleteResponse.swift in Sources */ = {isa = PBXBuildFile; fileRef = FA5636E52493BEC7002457DF /* DeleteResponse.swift */; };
		FA5636FA2493BEC7002457DF /* ProvisioningConfiguration.swift in Sources */ = {isa = PBXBuildFile; fileRef = FA5636E62493BEC7002457DF /* ProvisioningConfiguration.swift */; };
		FA5636FB2493BEC7002457DF /* EmailConfiguration.swift in Sources */ = {isa = PBXBuildFile; fileRef = FA5636E72493BEC7002457DF /* EmailConfiguration.swift */; };
		FA5636FC2493BEC7002457DF /* Trigger.swift in Sources */ = {isa = PBXBuildFile; fileRef = FA5636E82493BEC7002457DF /* Trigger.swift */; };
		FA5636FD2493BEC7002457DF /* IntegrationsQueryResponse.swift in Sources */ = {isa = PBXBuildFile; fileRef = FA5636E92493BEC7002457DF /* IntegrationsQueryResponse.swift */; };
		FA5636FE2493BEC7002457DF /* RemoteRepository.swift in Sources */ = {isa = PBXBuildFile; fileRef = FA5636EA2493BEC7002457DF /* RemoteRepository.swift */; };
		FA5636FF2493BEC7002457DF /* Integration.swift in Sources */ = {isa = PBXBuildFile; fileRef = FA5636EB2493BEC7002457DF /* Integration.swift */; };
		FA5637002493BEC7002457DF /* Bot.swift in Sources */ = {isa = PBXBuildFile; fileRef = FA5636EC2493BEC7002457DF /* Bot.swift */; };
		FA5637012493BEC7002457DF /* BotsQueryResponse.swift in Sources */ = {isa = PBXBuildFile; fileRef = FA5636ED2493BEC7002457DF /* BotsQueryResponse.swift */; };
		FA5637022493BEC7002457DF /* SourceControlLocation.swift in Sources */ = {isa = PBXBuildFile; fileRef = FA5636EE2493BEC7002457DF /* SourceControlLocation.swift */; };
		FA5637032493BEC7002457DF /* BuildResultSummary.swift in Sources */ = {isa = PBXBuildFile; fileRef = FA5636EF2493BEC7002457DF /* BuildResultSummary.swift */; };
		FA5637042493BEC7002457DF /* TestDevice.swift in Sources */ = {isa = PBXBuildFile; fileRef = FA5636F02493BEC7002457DF /* TestDevice.swift */; };
		FA5637052493BEC7002457DF /* ErrorResponse.swift in Sources */ = {isa = PBXBuildFile; fileRef = FA5636F12493BEC7002457DF /* ErrorResponse.swift */; };
		FA5637062493BEC7002457DF /* TestDeviceSpecification.swift in Sources */ = {isa = PBXBuildFile; fileRef = FA5636F22493BEC7002457DF /* TestDeviceSpecification.swift */; };
		FA5637072493BEC7002457DF /* SourceControlBlueprint.swift in Sources */ = {isa = PBXBuildFile; fileRef = FA5636F32493BEC7002457DF /* SourceControlBlueprint.swift */; };
		FA5637082493BEC7002457DF /* TestDeviceFilter.swift in Sources */ = {isa = PBXBuildFile; fileRef = FA5636F42493BEC7002457DF /* TestDeviceFilter.swift */; };
		FA56370A2493BEDC002457DF /* Server.swift in Sources */ = {isa = PBXBuildFile; fileRef = FA5637092493BEDC002457DF /* Server.swift */; };
		FA56370C2493BEED002457DF /* NSError+ConvenienceInit.swift in Sources */ = {isa = PBXBuildFile; fileRef = FA56370B2493BEED002457DF /* NSError+ConvenienceInit.swift */; };
		FA5EBA7924994A660032834B /* UpdatingStatusText.swift in Sources */ = {isa = PBXBuildFile; fileRef = FA5EBA7824994A660032834B /* UpdatingStatusText.swift */; };
		FA607DEB25AF2A2A00DDB562 /* RevisionInfoView.swift in Sources */ = {isa = PBXBuildFile; fileRef = FA607DEA25AF2A2A00DDB562 /* RevisionInfoView.swift */; };
		FA68A95F259E28FE00604BAE /* CDServer+Connectable.swift in Sources */ = {isa = PBXBuildFile; fileRef = FA68A95E259E28FE00604BAE /* CDServer+Connectable.swift */; };
		FA68A962259E2B2700604BAE /* BotViewModel.swift in Sources */ = {isa = PBXBuildFile; fileRef = FA68A961259E2B2700604BAE /* BotViewModel.swift */; };
		FA7B8A472493D10900C26B50 /* BotDetailView.swift in Sources */ = {isa = PBXBuildFile; fileRef = FA7B8A462493D10900C26B50 /* BotDetailView.swift */; };
		FA7B8A4A2493E12900C26B50 /* XCSConnector.swift in Sources */ = {isa = PBXBuildFile; fileRef = FA7B8A492493E12900C26B50 /* XCSConnector.swift */; };
		FA8683A8259FC69C003ED214 /* DataSyncWorker.swift in Sources */ = {isa = PBXBuildFile; fileRef = FA8683A7259FC69C003ED214 /* DataSyncWorker.swift */; };
		FA8683B025A07614003ED214 /* ShowMoreLessCellModel.swift in Sources */ = {isa = PBXBuildFile; fileRef = FA8683AF25A07614003ED214 /* ShowMoreLessCellModel.swift */; };
		FA8683B325A0777A003ED214 /* ShowMoreLessButton.swift in Sources */ = {isa = PBXBuildFile; fileRef = FA8683B225A0777A003ED214 /* ShowMoreLessButton.swift */; };
		FA8683B725A0B82C003ED214 /* ShowLessCellModel.swift in Sources */ = {isa = PBXBuildFile; fileRef = FA8683B625A0B82C003ED214 /* ShowLessCellModel.swift */; };
		FA8683BA25A0B8C8003ED214 /* ShowLessButton.swift in Sources */ = {isa = PBXBuildFile; fileRef = FA8683B925A0B8C8003ED214 /* ShowLessButton.swift */; };
		FA8683BD25A0C71C003ED214 /* AnimatingIcon.swift in Sources */ = {isa = PBXBuildFile; fileRef = FA8683BC25A0C71C003ED214 /* AnimatingIcon.swift */; };
		FA8683C025A0DD51003ED214 /* IntegrationUpdateWorker.swift in Sources */ = {isa = PBXBuildFile; fileRef = FA8683BF25A0DD51003ED214 /* IntegrationUpdateWorker.swift */; };
		FA8690CD2599071C0014CE4E /* OptionalExtension.swift in Sources */ = {isa = PBXBuildFile; fileRef = FA8690CC2599071C0014CE4E /* OptionalExtension.swift */; };
		FA8A3593259E6273001559A8 /* IntegrationViewModel.swift in Sources */ = {isa = PBXBuildFile; fileRef = FA8A3592259E6273001559A8 /* IntegrationViewModel.swift */; };
		FA8A3599259E735E001559A8 /* CDBot+ViewModel.swift in Sources */ = {isa = PBXBuildFile; fileRef = FA8A3598259E735E001559A8 /* CDBot+ViewModel.swift */; };
		FA8A359D259E7374001559A8 /* CDIntegration+ViewModel.swift in Sources */ = {isa = PBXBuildFile; fileRef = FA8A359C259E7374001559A8 /* CDIntegration+ViewModel.swift */; };
		FA9D478E2596816000C38FF5 /* CDServer+Outline.swift in Sources */ = {isa = PBXBuildFile; fileRef = FA9D478D2596816000C38FF5 /* CDServer+Outline.swift */; };
		FA9D479725968B2C00C38FF5 /* CDBotView.swift in Sources */ = {isa = PBXBuildFile; fileRef = FA9D479625968B2C00C38FF5 /* CDBotView.swift */; };
		FA9D479B2596B03C00C38FF5 /* CDIntegrationView.swift in Sources */ = {isa = PBXBuildFile; fileRef = FA9D479A2596B03C00C38FF5 /* CDIntegrationView.swift */; };
		FA9D479E2596B05500C38FF5 /* CDServerView.swift in Sources */ = {isa = PBXBuildFile; fileRef = FA9D479D2596B05500C38FF5 /* CDServerView.swift */; };
		FA9D47A42596CFD500C38FF5 /* OutlineElement.swift in Sources */ = {isa = PBXBuildFile; fileRef = FA9D47A32596CFD500C38FF5 /* OutlineElement.swift */; };
		FA9D47A72596D02700C38FF5 /* CDBot+Outline.swift in Sources */ = {isa = PBXBuildFile; fileRef = FA9D47A62596D02700C38FF5 /* CDBot+Outline.swift */; };
		FA9D47AA2596D05900C38FF5 /* CDIntegration+Outline.swift in Sources */ = {isa = PBXBuildFile; fileRef = FA9D47A92596D05900C38FF5 /* CDIntegration+Outline.swift */; };
		FAB8576924F5D65100C646AC /* RevisionInfo.swift in Sources */ = {isa = PBXBuildFile; fileRef = FAB8576824F5D65100C646AC /* RevisionInfo.swift */; };
		FABB718325A1E8BD00D1CFFD /* CDIntegration+CoreDataClass.swift in Sources */ = {isa = PBXBuildFile; fileRef = FABB717F25A1E8BD00D1CFFD /* CDIntegration+CoreDataClass.swift */; };
		FABB718525A1E8BD00D1CFFD /* CDBot+CoreDataClass.swift in Sources */ = {isa = PBXBuildFile; fileRef = FABB718125A1E8BD00D1CFFD /* CDBot+CoreDataClass.swift */; };
		FABF8766249D211A005A9D48 /* SimpleTextViewController.swift in Sources */ = {isa = PBXBuildFile; fileRef = FABF8765249D211A005A9D48 /* SimpleTextViewController.swift */; };
		FAC759C7249E6AEF0028BBFA /* FileHelper.swift in Sources */ = {isa = PBXBuildFile; fileRef = FAC759C6249E6AEF0028BBFA /* FileHelper.swift */; };
		FAD06C09259855FB00AD18A4 /* CDBot+Codable.swift in Sources */ = {isa = PBXBuildFile; fileRef = FAD06C08259855FB00AD18A4 /* CDBot+Codable.swift */; };
		FAD06C3325988F8500AD18A4 /* CDBotConfiguration+Codable.swift in Sources */ = {isa = PBXBuildFile; fileRef = FAD06C3225988F8500AD18A4 /* CDBotConfiguration+Codable.swift */; };
		FAD06C362598966900AD18A4 /* CDTestDeviceSpecification+Codable.swift in Sources */ = {isa = PBXBuildFile; fileRef = FAD06C352598966900AD18A4 /* CDTestDeviceSpecification+Codable.swift */; };
		FAD06C3B259898BD00AD18A4 /* CDTestDeviceFilter+Codable.swift in Sources */ = {isa = PBXBuildFile; fileRef = FAD06C3A259898BD00AD18A4 /* CDTestDeviceFilter+Codable.swift */; };
		FAD06C3F259899AA00AD18A4 /* CDPlatform.Codable.swift in Sources */ = {isa = PBXBuildFile; fileRef = FAD06C3E259899AA00AD18A4 /* CDPlatform.Codable.swift */; };
		FAD06C4225989BFC00AD18A4 /* CDArchiveExportOptions+Codable.swift in Sources */ = {isa = PBXBuildFile; fileRef = FAD06C4125989BFC00AD18A4 /* CDArchiveExportOptions+Codable.swift */; };
		FAD06C452598A4DE00AD18A4 /* CDIPAExportOptions+Codable.swift in Sources */ = {isa = PBXBuildFile; fileRef = FAD06C442598A4DE00AD18A4 /* CDIPAExportOptions+Codable.swift */; };
		FAD06C492598A86300AD18A4 /* CDProvisioningConfiguration+Codable.swift in Sources */ = {isa = PBXBuildFile; fileRef = FAD06C482598A86300AD18A4 /* CDProvisioningConfiguration+Codable.swift */; };
		FAD06C4C2598A8DD00AD18A4 /* CDSourceControlBlueprint+Codable.swift in Sources */ = {isa = PBXBuildFile; fileRef = FAD06C4B2598A8DD00AD18A4 /* CDSourceControlBlueprint+Codable.swift */; };
		FAD06C4F2598ABAB00AD18A4 /* CDSourceControlLocation+Codable.swift in Sources */ = {isa = PBXBuildFile; fileRef = FAD06C4E2598ABAB00AD18A4 /* CDSourceControlLocation+Codable.swift */; };
		FAD06C522598ABCD00AD18A4 /* CDRemoteRepository+Codable.swift in Sources */ = {isa = PBXBuildFile; fileRef = FAD06C512598ABCD00AD18A4 /* CDRemoteRepository+Codable.swift */; };
		FAD06C552598ADF800AD18A4 /* CDTrigger+Codable.swift in Sources */ = {isa = PBXBuildFile; fileRef = FAD06C542598ADF800AD18A4 /* CDTrigger+Codable.swift */; };
		FAD06C592598B4D700AD18A4 /* CDIntegration+Codable.swift in Sources */ = {isa = PBXBuildFile; fileRef = FAD06C582598B4D700AD18A4 /* CDIntegration+Codable.swift */; };
		FAD06C5C2598B76400AD18A4 /* CDIntegrationAssets+Codable.swift in Sources */ = {isa = PBXBuildFile; fileRef = FAD06C5B2598B76400AD18A4 /* CDIntegrationAssets+Codable.swift */; };
		FAD06C5F2598B79B00AD18A4 /* CDBuildResultSummary+Codable.swift in Sources */ = {isa = PBXBuildFile; fileRef = FAD06C5E2598B79B00AD18A4 /* CDBuildResultSummary+Codable.swift */; };
		FAD06C622598BA7400AD18A4 /* CDLogFile+Codable.swift in Sources */ = {isa = PBXBuildFile; fileRef = FAD06C612598BA7400AD18A4 /* CDLogFile+Codable.swift */; };
		FAD06C662598DC3800AD18A4 /* ServerOutlineList.swift in Sources */ = {isa = PBXBuildFile; fileRef = FAD06C652598DC3800AD18A4 /* ServerOutlineList.swift */; };
		FAD9B85724F0492100301714 /* VariablePair.swift in Sources */ = {isa = PBXBuildFile; fileRef = FAD9B85624F0492100301714 /* VariablePair.swift */; };
		FAE5B863249FC26800E06155 /* JSONValue.swift in Sources */ = {isa = PBXBuildFile; fileRef = FAE5B862249FC26800E06155 /* JSONValue.swift */; };
		FAE5B865249FC33900E06155 /* IntegrationResult.swift in Sources */ = {isa = PBXBuildFile; fileRef = FAE5B864249FC33900E06155 /* IntegrationResult.swift */; };
		FAE5B867249FC3B700E06155 /* BotGroup.swift in Sources */ = {isa = PBXBuildFile; fileRef = FAE5B866249FC3B700E06155 /* BotGroup.swift */; };
		FAE5B86A249FC3FE00E06155 /* ScheduleType.swift in Sources */ = {isa = PBXBuildFile; fileRef = FAE5B869249FC3FE00E06155 /* ScheduleType.swift */; };
		FAE5B86C249FC40B00E06155 /* PeriodicScheduleInterval.swift in Sources */ = {isa = PBXBuildFile; fileRef = FAE5B86B249FC40B00E06155 /* PeriodicScheduleInterval.swift */; };
		FAE5B86E249FC41900E06155 /* WeeklyScheduleDay.swift in Sources */ = {isa = PBXBuildFile; fileRef = FAE5B86D249FC41900E06155 /* WeeklyScheduleDay.swift */; };
		FAE5B870249FC42700E06155 /* BuiltFromClean.swift in Sources */ = {isa = PBXBuildFile; fileRef = FAE5B86F249FC42700E06155 /* BuiltFromClean.swift */; };
		FAE5B872249FC43500E06155 /* CodeCoveragePreference.swift in Sources */ = {isa = PBXBuildFile; fileRef = FAE5B871249FC43500E06155 /* CodeCoveragePreference.swift */; };
		FAE5B875249FC4AE00E06155 /* BranchOptionsKey.swift in Sources */ = {isa = PBXBuildFile; fileRef = FAE5B874249FC4AE00E06155 /* BranchOptionsKey.swift */; };
		FAE5B877249FC4BA00E06155 /* WorkspaceBlueprintLocationType.swift in Sources */ = {isa = PBXBuildFile; fileRef = FAE5B876249FC4BA00E06155 /* WorkspaceBlueprintLocationType.swift */; };
		FAE5B87A249FC4FD00E06155 /* TriggerPhase.swift in Sources */ = {isa = PBXBuildFile; fileRef = FAE5B879249FC4FD00E06155 /* TriggerPhase.swift */; };
		FAF924B825A38E5300F59978 /* XcodeServer.swift in Sources */ = {isa = PBXBuildFile; fileRef = FAF924B725A38E5300F59978 /* XcodeServer.swift */; };
/* End PBXBuildFile section */

/* Begin PBXFileReference section */
		FA0CE313259A6C28003E9E43 /* CDTriggerConditions+Codable.swift */ = {isa = PBXFileReference; lastKnownFileType = sourcecode.swift; path = "CDTriggerConditions+Codable.swift"; sourceTree = "<group>"; };
		FA0CE316259A6D31003E9E43 /* CDEmailConfiguration+Codable.swift */ = {isa = PBXFileReference; lastKnownFileType = sourcecode.swift; path = "CDEmailConfiguration+Codable.swift"; sourceTree = "<group>"; };
		FA0FA21025A3FE7D00BBCB0C /* BotSortOrder.swift */ = {isa = PBXFileReference; lastKnownFileType = sourcecode.swift; path = BotSortOrder.swift; sourceTree = "<group>"; };
		FA12063725A28E7600E8190E /* Colors.swift */ = {isa = PBXFileReference; lastKnownFileType = sourcecode.swift; path = Colors.swift; sourceTree = "<group>"; };
		FA17F9122496890C000A149D /* ActivityIndicator.swift */ = {isa = PBXFileReference; lastKnownFileType = sourcecode.swift; path = ActivityIndicator.swift; sourceTree = "<group>"; };
		FA17F9182496D1E6000A149D /* ButtonLabel.swift */ = {isa = PBXFileReference; lastKnownFileType = sourcecode.swift; path = ButtonLabel.swift; sourceTree = "<group>"; };
		FA190BF0249545B500B70206 /* IntegrationDetailView.swift */ = {isa = PBXFileReference; lastKnownFileType = sourcecode.swift; path = IntegrationDetailView.swift; sourceTree = "<group>"; };
		FA20876524BBACD60013CC21 /* BotEditorData.swift */ = {isa = PBXFileReference; lastKnownFileType = sourcecode.swift; path = BotEditorData.swift; sourceTree = "<group>"; };
		FA20876724BBAD5B0013CC21 /* TriggerScript.swift */ = {isa = PBXFileReference; lastKnownFileType = sourcecode.swift; path = TriggerScript.swift; sourceTree = "<group>"; };
		FA20876924BBB5410013CC21 /* FileDescriptor.swift */ = {isa = PBXFileReference; lastKnownFileType = sourcecode.swift; path = FileDescriptor.swift; sourceTree = "<group>"; };
		FA26964024960E9900C7F084 /* InfoLabel.swift */ = {isa = PBXFileReference; lastKnownFileType = sourcecode.swift; path = InfoLabel.swift; sourceTree = "<group>"; };
		FA26964224960F2600C7F084 /* LabeledStringValue.swift */ = {isa = PBXFileReference; lastKnownFileType = sourcecode.swift; path = LabeledStringValue.swift; sourceTree = "<group>"; };
		FA26964A24961F6200C7F084 /* Platform.swift */ = {isa = PBXFileReference; lastKnownFileType = sourcecode.swift; path = Platform.swift; sourceTree = "<group>"; };
		FA26964C249620A500C7F084 /* LabeledTextInput.swift */ = {isa = PBXFileReference; lastKnownFileType = sourcecode.swift; path = LabeledTextInput.swift; sourceTree = "<group>"; };
		FA3E643725ACD47600EDD348 /* CreateNewBotForm.swift */ = {isa = PBXFileReference; lastKnownFileType = sourcecode.swift; path = CreateNewBotForm.swift; sourceTree = "<group>"; };
		FA3E643A25AD8BB200EDD348 /* Colors.xcassets */ = {isa = PBXFileReference; lastKnownFileType = folder.assetcatalog; path = Colors.xcassets; sourceTree = "<group>"; };
		FA3E646025AE134600EDD348 /* CapsuleText.swift */ = {isa = PBXFileReference; lastKnownFileType = sourcecode.swift; path = CapsuleText.swift; sourceTree = "<group>"; };
		FA3E646325AE1CAF00EDD348 /* IntegrationResultsIconView.swift */ = {isa = PBXFileReference; lastKnownFileType = sourcecode.swift; path = IntegrationResultsIconView.swift; sourceTree = "<group>"; };
		FA3E646625AE2C4D00EDD348 /* CDRevisionInfo+Codable.swift */ = {isa = PBXFileReference; lastKnownFileType = sourcecode.swift; path = "CDRevisionInfo+Codable.swift"; sourceTree = "<group>"; };
		FA4A636E2594C3F2006DD873 /* CoreDataPersistence.swift */ = {isa = PBXFileReference; fileEncoding = 4; lastKnownFileType = sourcecode.swift; path = CoreDataPersistence.swift; sourceTree = "<group>"; };
		FA4A63732594C44C006DD873 /* XCSClient.xcdatamodel */ = {isa = PBXFileReference; lastKnownFileType = wrapper.xcdatamodel; path = XCSClient.xcdatamodel; sourceTree = "<group>"; };
		FA4A63782594CB76006DD873 /* MainView.swift */ = {isa = PBXFileReference; lastKnownFileType = sourcecode.swift; path = MainView.swift; sourceTree = "<group>"; };
		FA520B8B24F011C2001FFFEA /* ArchiveExportOptions.swift */ = {isa = PBXFileReference; lastKnownFileType = sourcecode.swift; path = ArchiveExportOptions.swift; sourceTree = "<group>"; };
		FA5636C22493BC55002457DF /* XCSClient.app */ = {isa = PBXFileReference; explicitFileType = wrapper.application; includeInIndex = 0; path = XCSClient.app; sourceTree = BUILT_PRODUCTS_DIR; };
		FA5636C52493BC55002457DF /* AppDelegate.swift */ = {isa = PBXFileReference; lastKnownFileType = sourcecode.swift; path = AppDelegate.swift; sourceTree = "<group>"; };
		FA5636C92493BC56002457DF /* Assets.xcassets */ = {isa = PBXFileReference; lastKnownFileType = folder.assetcatalog; path = Assets.xcassets; sourceTree = "<group>"; };
		FA5636CC2493BC56002457DF /* Preview Assets.xcassets */ = {isa = PBXFileReference; lastKnownFileType = folder.assetcatalog; path = "Preview Assets.xcassets"; sourceTree = "<group>"; };
		FA5636CF2493BC56002457DF /* Base */ = {isa = PBXFileReference; lastKnownFileType = file.storyboard; name = Base; path = Base.lproj/Main.storyboard; sourceTree = "<group>"; };
		FA5636D12493BC56002457DF /* Info.plist */ = {isa = PBXFileReference; lastKnownFileType = text.plist.xml; path = Info.plist; sourceTree = "<group>"; };
		FA5636E12493BEC7002457DF /* IntegrationAssets.swift */ = {isa = PBXFileReference; fileEncoding = 4; lastKnownFileType = sourcecode.swift; path = IntegrationAssets.swift; sourceTree = "<group>"; };
		FA5636E22493BEC7002457DF /* TriggerConditions.swift */ = {isa = PBXFileReference; fileEncoding = 4; lastKnownFileType = sourcecode.swift; path = TriggerConditions.swift; sourceTree = "<group>"; };
		FA5636E32493BEC7002457DF /* LogFile.swift */ = {isa = PBXFileReference; fileEncoding = 4; lastKnownFileType = sourcecode.swift; path = LogFile.swift; sourceTree = "<group>"; };
		FA5636E42493BEC7002457DF /* BotConfiguration.swift */ = {isa = PBXFileReference; fileEncoding = 4; lastKnownFileType = sourcecode.swift; path = BotConfiguration.swift; sourceTree = "<group>"; };
		FA5636E52493BEC7002457DF /* DeleteResponse.swift */ = {isa = PBXFileReference; fileEncoding = 4; lastKnownFileType = sourcecode.swift; path = DeleteResponse.swift; sourceTree = "<group>"; };
		FA5636E62493BEC7002457DF /* ProvisioningConfiguration.swift */ = {isa = PBXFileReference; fileEncoding = 4; lastKnownFileType = sourcecode.swift; path = ProvisioningConfiguration.swift; sourceTree = "<group>"; };
		FA5636E72493BEC7002457DF /* EmailConfiguration.swift */ = {isa = PBXFileReference; fileEncoding = 4; lastKnownFileType = sourcecode.swift; path = EmailConfiguration.swift; sourceTree = "<group>"; };
		FA5636E82493BEC7002457DF /* Trigger.swift */ = {isa = PBXFileReference; fileEncoding = 4; lastKnownFileType = sourcecode.swift; path = Trigger.swift; sourceTree = "<group>"; };
		FA5636E92493BEC7002457DF /* IntegrationsQueryResponse.swift */ = {isa = PBXFileReference; fileEncoding = 4; lastKnownFileType = sourcecode.swift; path = IntegrationsQueryResponse.swift; sourceTree = "<group>"; };
		FA5636EA2493BEC7002457DF /* RemoteRepository.swift */ = {isa = PBXFileReference; fileEncoding = 4; lastKnownFileType = sourcecode.swift; path = RemoteRepository.swift; sourceTree = "<group>"; };
		FA5636EB2493BEC7002457DF /* Integration.swift */ = {isa = PBXFileReference; fileEncoding = 4; lastKnownFileType = sourcecode.swift; path = Integration.swift; sourceTree = "<group>"; };
		FA5636EC2493BEC7002457DF /* Bot.swift */ = {isa = PBXFileReference; fileEncoding = 4; lastKnownFileType = sourcecode.swift; path = Bot.swift; sourceTree = "<group>"; };
		FA5636ED2493BEC7002457DF /* BotsQueryResponse.swift */ = {isa = PBXFileReference; fileEncoding = 4; lastKnownFileType = sourcecode.swift; path = BotsQueryResponse.swift; sourceTree = "<group>"; };
		FA5636EE2493BEC7002457DF /* SourceControlLocation.swift */ = {isa = PBXFileReference; fileEncoding = 4; lastKnownFileType = sourcecode.swift; path = SourceControlLocation.swift; sourceTree = "<group>"; };
		FA5636EF2493BEC7002457DF /* BuildResultSummary.swift */ = {isa = PBXFileReference; fileEncoding = 4; lastKnownFileType = sourcecode.swift; path = BuildResultSummary.swift; sourceTree = "<group>"; };
		FA5636F02493BEC7002457DF /* TestDevice.swift */ = {isa = PBXFileReference; fileEncoding = 4; lastKnownFileType = sourcecode.swift; path = TestDevice.swift; sourceTree = "<group>"; };
		FA5636F12493BEC7002457DF /* ErrorResponse.swift */ = {isa = PBXFileReference; fileEncoding = 4; lastKnownFileType = sourcecode.swift; path = ErrorResponse.swift; sourceTree = "<group>"; };
		FA5636F22493BEC7002457DF /* TestDeviceSpecification.swift */ = {isa = PBXFileReference; fileEncoding = 4; lastKnownFileType = sourcecode.swift; path = TestDeviceSpecification.swift; sourceTree = "<group>"; };
		FA5636F32493BEC7002457DF /* SourceControlBlueprint.swift */ = {isa = PBXFileReference; fileEncoding = 4; lastKnownFileType = sourcecode.swift; path = SourceControlBlueprint.swift; sourceTree = "<group>"; };
		FA5636F42493BEC7002457DF /* TestDeviceFilter.swift */ = {isa = PBXFileReference; fileEncoding = 4; lastKnownFileType = sourcecode.swift; path = TestDeviceFilter.swift; sourceTree = "<group>"; };
		FA5637092493BEDC002457DF /* Server.swift */ = {isa = PBXFileReference; fileEncoding = 4; lastKnownFileType = sourcecode.swift; path = Server.swift; sourceTree = "<group>"; };
		FA56370B2493BEED002457DF /* NSError+ConvenienceInit.swift */ = {isa = PBXFileReference; fileEncoding = 4; lastKnownFileType = sourcecode.swift; path = "NSError+ConvenienceInit.swift"; sourceTree = "<group>"; };
		FA5EBA7824994A660032834B /* UpdatingStatusText.swift */ = {isa = PBXFileReference; lastKnownFileType = sourcecode.swift; path = UpdatingStatusText.swift; sourceTree = "<group>"; };
		FA607DEA25AF2A2A00DDB562 /* RevisionInfoView.swift */ = {isa = PBXFileReference; lastKnownFileType = sourcecode.swift; path = RevisionInfoView.swift; sourceTree = "<group>"; };
		FA68A95E259E28FE00604BAE /* CDServer+Connectable.swift */ = {isa = PBXFileReference; lastKnownFileType = sourcecode.swift; path = "CDServer+Connectable.swift"; sourceTree = "<group>"; };
		FA68A961259E2B2700604BAE /* BotViewModel.swift */ = {isa = PBXFileReference; lastKnownFileType = sourcecode.swift; path = BotViewModel.swift; sourceTree = "<group>"; };
		FA7B8A442493C3C300C26B50 /* XCSClientDebug.entitlements */ = {isa = PBXFileReference; lastKnownFileType = text.plist.entitlements; path = XCSClientDebug.entitlements; sourceTree = "<group>"; };
		FA7B8A452493C49300C26B50 /* XCSClient.entitlements */ = {isa = PBXFileReference; lastKnownFileType = text.plist.entitlements; path = XCSClient.entitlements; sourceTree = "<group>"; };
		FA7B8A462493D10900C26B50 /* BotDetailView.swift */ = {isa = PBXFileReference; lastKnownFileType = sourcecode.swift; path = BotDetailView.swift; sourceTree = "<group>"; };
		FA7B8A482493D57600C26B50 /* .gitignore */ = {isa = PBXFileReference; lastKnownFileType = text; path = .gitignore; sourceTree = SOURCE_ROOT; };
		FA7B8A492493E12900C26B50 /* XCSConnector.swift */ = {isa = PBXFileReference; lastKnownFileType = sourcecode.swift; path = XCSConnector.swift; sourceTree = "<group>"; };
		FA84B1C525A344C700400F6E /* TODO.md */ = {isa = PBXFileReference; lastKnownFileType = net.daringfireball.markdown; path = TODO.md; sourceTree = "<group>"; };
		FA8683A7259FC69C003ED214 /* DataSyncWorker.swift */ = {isa = PBXFileReference; lastKnownFileType = sourcecode.swift; path = DataSyncWorker.swift; sourceTree = "<group>"; };
		FA8683AF25A07614003ED214 /* ShowMoreLessCellModel.swift */ = {isa = PBXFileReference; lastKnownFileType = sourcecode.swift; path = ShowMoreLessCellModel.swift; sourceTree = "<group>"; };
		FA8683B225A0777A003ED214 /* ShowMoreLessButton.swift */ = {isa = PBXFileReference; lastKnownFileType = sourcecode.swift; path = ShowMoreLessButton.swift; sourceTree = "<group>"; };
		FA8683B625A0B82C003ED214 /* ShowLessCellModel.swift */ = {isa = PBXFileReference; lastKnownFileType = sourcecode.swift; path = ShowLessCellModel.swift; sourceTree = "<group>"; };
		FA8683B925A0B8C8003ED214 /* ShowLessButton.swift */ = {isa = PBXFileReference; lastKnownFileType = sourcecode.swift; path = ShowLessButton.swift; sourceTree = "<group>"; };
		FA8683BC25A0C71C003ED214 /* AnimatingIcon.swift */ = {isa = PBXFileReference; lastKnownFileType = sourcecode.swift; path = AnimatingIcon.swift; sourceTree = "<group>"; };
		FA8683BF25A0DD51003ED214 /* IntegrationUpdateWorker.swift */ = {isa = PBXFileReference; lastKnownFileType = sourcecode.swift; path = IntegrationUpdateWorker.swift; sourceTree = "<group>"; };
		FA8690CC2599071C0014CE4E /* OptionalExtension.swift */ = {isa = PBXFileReference; lastKnownFileType = sourcecode.swift; path = OptionalExtension.swift; sourceTree = "<group>"; };
		FA8A3592259E6273001559A8 /* IntegrationViewModel.swift */ = {isa = PBXFileReference; lastKnownFileType = sourcecode.swift; path = IntegrationViewModel.swift; sourceTree = "<group>"; };
		FA8A3598259E735E001559A8 /* CDBot+ViewModel.swift */ = {isa = PBXFileReference; lastKnownFileType = sourcecode.swift; path = "CDBot+ViewModel.swift"; sourceTree = "<group>"; };
		FA8A359C259E7374001559A8 /* CDIntegration+ViewModel.swift */ = {isa = PBXFileReference; lastKnownFileType = sourcecode.swift; path = "CDIntegration+ViewModel.swift"; sourceTree = "<group>"; };
		FA9D478D2596816000C38FF5 /* CDServer+Outline.swift */ = {isa = PBXFileReference; lastKnownFileType = sourcecode.swift; path = "CDServer+Outline.swift"; sourceTree = "<group>"; };
		FA9D479625968B2C00C38FF5 /* CDBotView.swift */ = {isa = PBXFileReference; lastKnownFileType = sourcecode.swift; path = CDBotView.swift; sourceTree = "<group>"; };
		FA9D479A2596B03C00C38FF5 /* CDIntegrationView.swift */ = {isa = PBXFileReference; lastKnownFileType = sourcecode.swift; path = CDIntegrationView.swift; sourceTree = "<group>"; };
		FA9D479D2596B05500C38FF5 /* CDServerView.swift */ = {isa = PBXFileReference; lastKnownFileType = sourcecode.swift; path = CDServerView.swift; sourceTree = "<group>"; };
		FA9D47A32596CFD500C38FF5 /* OutlineElement.swift */ = {isa = PBXFileReference; lastKnownFileType = sourcecode.swift; path = OutlineElement.swift; sourceTree = "<group>"; };
		FA9D47A62596D02700C38FF5 /* CDBot+Outline.swift */ = {isa = PBXFileReference; lastKnownFileType = sourcecode.swift; path = "CDBot+Outline.swift"; sourceTree = "<group>"; };
		FA9D47A92596D05900C38FF5 /* CDIntegration+Outline.swift */ = {isa = PBXFileReference; lastKnownFileType = sourcecode.swift; path = "CDIntegration+Outline.swift"; sourceTree = "<group>"; };
		FAB8576824F5D65100C646AC /* RevisionInfo.swift */ = {isa = PBXFileReference; lastKnownFileType = sourcecode.swift; path = RevisionInfo.swift; sourceTree = "<group>"; };
		FABB717F25A1E8BD00D1CFFD /* CDIntegration+CoreDataClass.swift */ = {isa = PBXFileReference; lastKnownFileType = sourcecode.swift; path = "CDIntegration+CoreDataClass.swift"; sourceTree = "<group>"; };
		FABB718125A1E8BD00D1CFFD /* CDBot+CoreDataClass.swift */ = {isa = PBXFileReference; lastKnownFileType = sourcecode.swift; path = "CDBot+CoreDataClass.swift"; sourceTree = "<group>"; };
		FABB718C25A1E97100D1CFFD /* README.md */ = {isa = PBXFileReference; lastKnownFileType = net.daringfireball.markdown; path = README.md; sourceTree = "<group>"; };
		FABF8765249D211A005A9D48 /* SimpleTextViewController.swift */ = {isa = PBXFileReference; lastKnownFileType = sourcecode.swift; path = SimpleTextViewController.swift; sourceTree = "<group>"; };
		FAC759C6249E6AEF0028BBFA /* FileHelper.swift */ = {isa = PBXFileReference; lastKnownFileType = sourcecode.swift; path = FileHelper.swift; sourceTree = "<group>"; };
		FAD06C08259855FB00AD18A4 /* CDBot+Codable.swift */ = {isa = PBXFileReference; lastKnownFileType = sourcecode.swift; path = "CDBot+Codable.swift"; sourceTree = "<group>"; };
		FAD06C3225988F8500AD18A4 /* CDBotConfiguration+Codable.swift */ = {isa = PBXFileReference; lastKnownFileType = sourcecode.swift; path = "CDBotConfiguration+Codable.swift"; sourceTree = "<group>"; };
		FAD06C352598966900AD18A4 /* CDTestDeviceSpecification+Codable.swift */ = {isa = PBXFileReference; lastKnownFileType = sourcecode.swift; path = "CDTestDeviceSpecification+Codable.swift"; sourceTree = "<group>"; };
		FAD06C3A259898BD00AD18A4 /* CDTestDeviceFilter+Codable.swift */ = {isa = PBXFileReference; lastKnownFileType = sourcecode.swift; path = "CDTestDeviceFilter+Codable.swift"; sourceTree = "<group>"; };
		FAD06C3E259899AA00AD18A4 /* CDPlatform.Codable.swift */ = {isa = PBXFileReference; lastKnownFileType = sourcecode.swift; path = CDPlatform.Codable.swift; sourceTree = "<group>"; };
		FAD06C4125989BFC00AD18A4 /* CDArchiveExportOptions+Codable.swift */ = {isa = PBXFileReference; lastKnownFileType = sourcecode.swift; path = "CDArchiveExportOptions+Codable.swift"; sourceTree = "<group>"; };
		FAD06C442598A4DE00AD18A4 /* CDIPAExportOptions+Codable.swift */ = {isa = PBXFileReference; lastKnownFileType = sourcecode.swift; path = "CDIPAExportOptions+Codable.swift"; sourceTree = "<group>"; };
		FAD06C482598A86300AD18A4 /* CDProvisioningConfiguration+Codable.swift */ = {isa = PBXFileReference; lastKnownFileType = sourcecode.swift; path = "CDProvisioningConfiguration+Codable.swift"; sourceTree = "<group>"; };
		FAD06C4B2598A8DD00AD18A4 /* CDSourceControlBlueprint+Codable.swift */ = {isa = PBXFileReference; lastKnownFileType = sourcecode.swift; path = "CDSourceControlBlueprint+Codable.swift"; sourceTree = "<group>"; };
		FAD06C4E2598ABAB00AD18A4 /* CDSourceControlLocation+Codable.swift */ = {isa = PBXFileReference; lastKnownFileType = sourcecode.swift; path = "CDSourceControlLocation+Codable.swift"; sourceTree = "<group>"; };
		FAD06C512598ABCD00AD18A4 /* CDRemoteRepository+Codable.swift */ = {isa = PBXFileReference; lastKnownFileType = sourcecode.swift; path = "CDRemoteRepository+Codable.swift"; sourceTree = "<group>"; };
		FAD06C542598ADF800AD18A4 /* CDTrigger+Codable.swift */ = {isa = PBXFileReference; lastKnownFileType = sourcecode.swift; path = "CDTrigger+Codable.swift"; sourceTree = "<group>"; };
		FAD06C582598B4D700AD18A4 /* CDIntegration+Codable.swift */ = {isa = PBXFileReference; lastKnownFileType = sourcecode.swift; path = "CDIntegration+Codable.swift"; sourceTree = "<group>"; };
		FAD06C5B2598B76400AD18A4 /* CDIntegrationAssets+Codable.swift */ = {isa = PBXFileReference; lastKnownFileType = sourcecode.swift; path = "CDIntegrationAssets+Codable.swift"; sourceTree = "<group>"; };
		FAD06C5E2598B79B00AD18A4 /* CDBuildResultSummary+Codable.swift */ = {isa = PBXFileReference; lastKnownFileType = sourcecode.swift; path = "CDBuildResultSummary+Codable.swift"; sourceTree = "<group>"; };
		FAD06C612598BA7400AD18A4 /* CDLogFile+Codable.swift */ = {isa = PBXFileReference; lastKnownFileType = sourcecode.swift; path = "CDLogFile+Codable.swift"; sourceTree = "<group>"; };
		FAD06C652598DC3800AD18A4 /* ServerOutlineList.swift */ = {isa = PBXFileReference; lastKnownFileType = sourcecode.swift; path = ServerOutlineList.swift; sourceTree = "<group>"; };
		FAD0F45A24BBCEE5006E8C0D /* README.md */ = {isa = PBXFileReference; lastKnownFileType = net.daringfireball.markdown; path = README.md; sourceTree = SOURCE_ROOT; };
		FAD0F45B24BBCF14006E8C0D /* LICENSE */ = {isa = PBXFileReference; lastKnownFileType = text; path = LICENSE; sourceTree = "<group>"; };
		FAD9B85624F0492100301714 /* VariablePair.swift */ = {isa = PBXFileReference; lastKnownFileType = sourcecode.swift; path = VariablePair.swift; sourceTree = "<group>"; };
		FAE5B862249FC26800E06155 /* JSONValue.swift */ = {isa = PBXFileReference; lastKnownFileType = sourcecode.swift; path = JSONValue.swift; sourceTree = "<group>"; };
		FAE5B864249FC33900E06155 /* IntegrationResult.swift */ = {isa = PBXFileReference; lastKnownFileType = sourcecode.swift; path = IntegrationResult.swift; sourceTree = "<group>"; };
		FAE5B866249FC3B700E06155 /* BotGroup.swift */ = {isa = PBXFileReference; lastKnownFileType = sourcecode.swift; path = BotGroup.swift; sourceTree = "<group>"; };
		FAE5B869249FC3FE00E06155 /* ScheduleType.swift */ = {isa = PBXFileReference; lastKnownFileType = sourcecode.swift; path = ScheduleType.swift; sourceTree = "<group>"; };
		FAE5B86B249FC40B00E06155 /* PeriodicScheduleInterval.swift */ = {isa = PBXFileReference; lastKnownFileType = sourcecode.swift; path = PeriodicScheduleInterval.swift; sourceTree = "<group>"; };
		FAE5B86D249FC41900E06155 /* WeeklyScheduleDay.swift */ = {isa = PBXFileReference; lastKnownFileType = sourcecode.swift; path = WeeklyScheduleDay.swift; sourceTree = "<group>"; };
		FAE5B86F249FC42700E06155 /* BuiltFromClean.swift */ = {isa = PBXFileReference; lastKnownFileType = sourcecode.swift; path = BuiltFromClean.swift; sourceTree = "<group>"; };
		FAE5B871249FC43500E06155 /* CodeCoveragePreference.swift */ = {isa = PBXFileReference; lastKnownFileType = sourcecode.swift; path = CodeCoveragePreference.swift; sourceTree = "<group>"; };
		FAE5B874249FC4AE00E06155 /* BranchOptionsKey.swift */ = {isa = PBXFileReference; lastKnownFileType = sourcecode.swift; path = BranchOptionsKey.swift; sourceTree = "<group>"; };
		FAE5B876249FC4BA00E06155 /* WorkspaceBlueprintLocationType.swift */ = {isa = PBXFileReference; lastKnownFileType = sourcecode.swift; path = WorkspaceBlueprintLocationType.swift; sourceTree = "<group>"; };
		FAE5B879249FC4FD00E06155 /* TriggerPhase.swift */ = {isa = PBXFileReference; lastKnownFileType = sourcecode.swift; path = TriggerPhase.swift; sourceTree = "<group>"; };
		FAF924B725A38E5300F59978 /* XcodeServer.swift */ = {isa = PBXFileReference; lastKnownFileType = sourcecode.swift; path = XcodeServer.swift; sourceTree = "<group>"; };
/* End PBXFileReference section */

/* Begin PBXFrameworksBuildPhase section */
		FA5636BF2493BC55002457DF /* Frameworks */ = {
			isa = PBXFrameworksBuildPhase;
			buildActionMask = 2147483647;
			files = (
			);
			runOnlyForDeploymentPostprocessing = 0;
		};
/* End PBXFrameworksBuildPhase section */

/* Begin PBXGroup section */
		FA2696362495FC6700C7F084 /* ViewModels */ = {
			isa = PBXGroup;
			children = (
				FA68A961259E2B2700604BAE /* BotViewModel.swift */,
				FA8A3592259E6273001559A8 /* IntegrationViewModel.swift */,
				FAD06C032598549D00AD18A4 /* OutlineView */,
				FA68A95B259E283B00604BAE /* EditableData */,
			);
			path = ViewModels;
			sourceTree = "<group>";
		};
		FA26963F24960E7200C7F084 /* ViewElements */ = {
			isa = PBXGroup;
			children = (
				FA3E643725ACD47600EDD348 /* CreateNewBotForm.swift */,
				FA26964024960E9900C7F084 /* InfoLabel.swift */,
				FA26964224960F2600C7F084 /* LabeledStringValue.swift */,
				FA26964C249620A500C7F084 /* LabeledTextInput.swift */,
				FA17F9122496890C000A149D /* ActivityIndicator.swift */,
				FA17F9182496D1E6000A149D /* ButtonLabel.swift */,
				FA5EBA7824994A660032834B /* UpdatingStatusText.swift */,
				FA8683B225A0777A003ED214 /* ShowMoreLessButton.swift */,
				FA8683B925A0B8C8003ED214 /* ShowLessButton.swift */,
				FA8683BC25A0C71C003ED214 /* AnimatingIcon.swift */,
				FA3E646025AE134600EDD348 /* CapsuleText.swift */,
				FA3E646325AE1CAF00EDD348 /* IntegrationResultsIconView.swift */,
				FA607DEA25AF2A2A00DDB562 /* RevisionInfoView.swift */,
			);
			path = ViewElements;
			sourceTree = "<group>";
		};
		FA4A63712594C429006DD873 /* CoreData */ = {
			isa = PBXGroup;
			children = (
				FA4A63722594C44C006DD873 /* XCSClient.xcdatamodeld */,
				FA68A95E259E28FE00604BAE /* CDServer+Connectable.swift */,
				FAD06C07259855A500AD18A4 /* CoreData+Codable */,
				FA8A3597259E7336001559A8 /* CoreData+ViewModel */,
				FABB70CC25A1E38A00D1CFFD /* ForSwiftUIPreview */,
			);
			path = CoreData;
			sourceTree = "<group>";
		};
		FA5636B92493BC55002457DF = {
			isa = PBXGroup;
			children = (
				FA5636C42493BC55002457DF /* XCSClient */,
			);
			sourceTree = "<group>";
		};
		FA5636C32493BC55002457DF /* Products */ = {
			isa = PBXGroup;
			children = (
				FA5636C22493BC55002457DF /* XCSClient.app */,
			);
			name = Products;
			path = ../..;
			sourceTree = "<group>";
		};
		FA5636C42493BC55002457DF /* XCSClient */ = {
			isa = PBXGroup;
			children = (
				FAD0F45A24BBCEE5006E8C0D /* README.md */,
				FA84B1C525A344C700400F6E /* TODO.md */,
				FA5636DC2493BDD8002457DF /* Application */,
				FA5636DB2493BDCD002457DF /* Business */,
				FA5636DA2493BDB8002457DF /* Presentation */,
				FA5636DD2493BE0A002457DF /* SupportingFiles */,
				FA5636CB2493BC56002457DF /* Preview Content */,
			);
			path = XCSClient;
			sourceTree = "<group>";
		};
		FA5636CB2493BC56002457DF /* Preview Content */ = {
			isa = PBXGroup;
			children = (
				FA5636C32493BC55002457DF /* Products */,
				FA5636CC2493BC56002457DF /* Preview Assets.xcassets */,
			);
			path = "Preview Content";
			sourceTree = "<group>";
		};
		FA5636DA2493BDB8002457DF /* Presentation */ = {
			isa = PBXGroup;
			children = (
				FA4A63782594CB76006DD873 /* MainView.swift */,
				FAD06C652598DC3800AD18A4 /* ServerOutlineList.swift */,
				FA9D479D2596B05500C38FF5 /* CDServerView.swift */,
				FA9D479625968B2C00C38FF5 /* CDBotView.swift */,
				FA9D479A2596B03C00C38FF5 /* CDIntegrationView.swift */,
				FA7B8A462493D10900C26B50 /* BotDetailView.swift */,
				FA190BF0249545B500B70206 /* IntegrationDetailView.swift */,
				FA26963F24960E7200C7F084 /* ViewElements */,
				FABF8764249D20C7005A9D48 /* AppKitViews */,
			);
			path = Presentation;
			sourceTree = "<group>";
		};
		FA5636DB2493BDCD002457DF /* Business */ = {
			isa = PBXGroup;
			children = (
				FA7B8A492493E12900C26B50 /* XCSConnector.swift */,
				FA8683A7259FC69C003ED214 /* DataSyncWorker.swift */,
				FA8683BF25A0DD51003ED214 /* IntegrationUpdateWorker.swift */,
				FA4A63712594C429006DD873 /* CoreData */,
				FA5636E02493BEC7002457DF /* NetworkModels */,
				FA2696362495FC6700C7F084 /* ViewModels */,
			);
			path = Business;
			sourceTree = "<group>";
		};
		FA5636DC2493BDD8002457DF /* Application */ = {
			isa = PBXGroup;
			children = (
				FA5636C52493BC55002457DF /* AppDelegate.swift */,
				FA4A636E2594C3F2006DD873 /* CoreDataPersistence.swift */,
				FA5637092493BEDC002457DF /* Server.swift */,
				FA56370D2493C16E002457DF /* Extensions */,
				FAC759C6249E6AEF0028BBFA /* FileHelper.swift */,
				FA12063725A28E7600E8190E /* Colors.swift */,
				FAF924B725A38E5300F59978 /* XcodeServer.swift */,
			);
			path = Application;
			sourceTree = "<group>";
		};
		FA5636DD2493BE0A002457DF /* SupportingFiles */ = {
			isa = PBXGroup;
			children = (
				FA5636D12493BC56002457DF /* Info.plist */,
				FA5636C92493BC56002457DF /* Assets.xcassets */,
				FA7B8A452493C49300C26B50 /* XCSClient.entitlements */,
				FA7B8A442493C3C300C26B50 /* XCSClientDebug.entitlements */,
				FAD0F45B24BBCF14006E8C0D /* LICENSE */,
				FA7B8A482493D57600C26B50 /* .gitignore */,
				FA3E643A25AD8BB200EDD348 /* Colors.xcassets */,
			);
			name = SupportingFiles;
			sourceTree = "<group>";
		};
		FA5636E02493BEC7002457DF /* NetworkModels */ = {
			isa = PBXGroup;
			children = (
				FA7B8A4E2494B41D00C26B50 /* ResponseObjects */,
				FA7B8A4F2494B43800C26B50 /* Bot */,
				FA7B8A502494B45500C26B50 /* Integration */,
				FAE5B862249FC26800E06155 /* JSONValue.swift */,
			);
			path = NetworkModels;
			sourceTree = "<group>";
		};
		FA56370D2493C16E002457DF /* Extensions */ = {
			isa = PBXGroup;
			children = (
				FA8690CC2599071C0014CE4E /* OptionalExtension.swift */,
				FA56370B2493BEED002457DF /* NSError+ConvenienceInit.swift */,
			);
			path = Extensions;
			sourceTree = "<group>";
		};
		FA68A95B259E283B00604BAE /* EditableData */ = {
			isa = PBXGroup;
			children = (
				FA20876524BBACD60013CC21 /* BotEditorData.swift */,
				FA20876724BBAD5B0013CC21 /* TriggerScript.swift */,
				FA20876924BBB5410013CC21 /* FileDescriptor.swift */,
				FAD9B85624F0492100301714 /* VariablePair.swift */,
				FAB8576824F5D65100C646AC /* RevisionInfo.swift */,
			);
			path = EditableData;
			sourceTree = "<group>";
		};
		FA7B8A4E2494B41D00C26B50 /* ResponseObjects */ = {
			isa = PBXGroup;
			children = (
				FA5636ED2493BEC7002457DF /* BotsQueryResponse.swift */,
				FA5636E92493BEC7002457DF /* IntegrationsQueryResponse.swift */,
				FA5636E52493BEC7002457DF /* DeleteResponse.swift */,
				FA5636F12493BEC7002457DF /* ErrorResponse.swift */,
			);
			path = ResponseObjects;
			sourceTree = "<group>";
		};
		FA7B8A4F2494B43800C26B50 /* Bot */ = {
			isa = PBXGroup;
			children = (
				FA5636EC2493BEC7002457DF /* Bot.swift */,
				FAE5B868249FC3DC00E06155 /* BotConfiguration */,
				FAE5B873249FC47900E06155 /* SourceControlConfiguration */,
				FAE5B878249FC4DD00E06155 /* Triggers */,
				FAE5B866249FC3B700E06155 /* BotGroup.swift */,
				FA5636F22493BEC7002457DF /* TestDeviceSpecification.swift */,
				FA5636F42493BEC7002457DF /* TestDeviceFilter.swift */,
				FA26964A24961F6200C7F084 /* Platform.swift */,
				FA5636E62493BEC7002457DF /* ProvisioningConfiguration.swift */,
				FA5636E72493BEC7002457DF /* EmailConfiguration.swift */,
			);
			path = Bot;
			sourceTree = "<group>";
		};
		FA7B8A502494B45500C26B50 /* Integration */ = {
			isa = PBXGroup;
			children = (
				FA5636EB2493BEC7002457DF /* Integration.swift */,
				FA5636E12493BEC7002457DF /* IntegrationAssets.swift */,
				FA5636E32493BEC7002457DF /* LogFile.swift */,
				FA5636EF2493BEC7002457DF /* BuildResultSummary.swift */,
				FA5636F02493BEC7002457DF /* TestDevice.swift */,
				FAE5B864249FC33900E06155 /* IntegrationResult.swift */,
			);
			path = Integration;
			sourceTree = "<group>";
		};
		FA8A3597259E7336001559A8 /* CoreData+ViewModel */ = {
			isa = PBXGroup;
			children = (
				FA8A3598259E735E001559A8 /* CDBot+ViewModel.swift */,
				FA8A359C259E7374001559A8 /* CDIntegration+ViewModel.swift */,
			);
			path = "CoreData+ViewModel";
			sourceTree = "<group>";
		};
		FABB70CC25A1E38A00D1CFFD /* ForSwiftUIPreview */ = {
			isa = PBXGroup;
			children = (
				FABB718C25A1E97100D1CFFD /* README.md */,
				FABB717F25A1E8BD00D1CFFD /* CDIntegration+CoreDataClass.swift */,
				FABB718125A1E8BD00D1CFFD /* CDBot+CoreDataClass.swift */,
			);
			path = ForSwiftUIPreview;
			sourceTree = "<group>";
		};
		FABF8764249D20C7005A9D48 /* AppKitViews */ = {
			isa = PBXGroup;
			children = (
				FA5636CE2493BC56002457DF /* Main.storyboard */,
				FABF8765249D211A005A9D48 /* SimpleTextViewController.swift */,
			);
			path = AppKitViews;
			sourceTree = "<group>";
		};
		FAD06C032598549D00AD18A4 /* OutlineView */ = {
			isa = PBXGroup;
			children = (
				FA9D47A32596CFD500C38FF5 /* OutlineElement.swift */,
				FA9D478D2596816000C38FF5 /* CDServer+Outline.swift */,
				FA9D47A62596D02700C38FF5 /* CDBot+Outline.swift */,
				FA9D47A92596D05900C38FF5 /* CDIntegration+Outline.swift */,
				FA8683AF25A07614003ED214 /* ShowMoreLessCellModel.swift */,
				FA8683B625A0B82C003ED214 /* ShowLessCellModel.swift */,
				FA0FA21025A3FE7D00BBCB0C /* BotSortOrder.swift */,
			);
			path = OutlineView;
			sourceTree = "<group>";
		};
		FAD06C07259855A500AD18A4 /* CoreData+Codable */ = {
			isa = PBXGroup;
			children = (
				FAD06C08259855FB00AD18A4 /* CDBot+Codable.swift */,
				FAD06C3225988F8500AD18A4 /* CDBotConfiguration+Codable.swift */,
				FAD06C352598966900AD18A4 /* CDTestDeviceSpecification+Codable.swift */,
				FAD06C3A259898BD00AD18A4 /* CDTestDeviceFilter+Codable.swift */,
				FAD06C3E259899AA00AD18A4 /* CDPlatform.Codable.swift */,
				FAD06C4125989BFC00AD18A4 /* CDArchiveExportOptions+Codable.swift */,
				FAD06C442598A4DE00AD18A4 /* CDIPAExportOptions+Codable.swift */,
				FAD06C482598A86300AD18A4 /* CDProvisioningConfiguration+Codable.swift */,
				FAD06C4B2598A8DD00AD18A4 /* CDSourceControlBlueprint+Codable.swift */,
				FAD06C4E2598ABAB00AD18A4 /* CDSourceControlLocation+Codable.swift */,
				FAD06C512598ABCD00AD18A4 /* CDRemoteRepository+Codable.swift */,
				FAD06C542598ADF800AD18A4 /* CDTrigger+Codable.swift */,
				FAD06C582598B4D700AD18A4 /* CDIntegration+Codable.swift */,
				FAD06C5B2598B76400AD18A4 /* CDIntegrationAssets+Codable.swift */,
				FAD06C5E2598B79B00AD18A4 /* CDBuildResultSummary+Codable.swift */,
				FAD06C612598BA7400AD18A4 /* CDLogFile+Codable.swift */,
				FA0CE313259A6C28003E9E43 /* CDTriggerConditions+Codable.swift */,
				FA0CE316259A6D31003E9E43 /* CDEmailConfiguration+Codable.swift */,
				FA3E646625AE2C4D00EDD348 /* CDRevisionInfo+Codable.swift */,
			);
			path = "CoreData+Codable";
			sourceTree = "<group>";
		};
		FAE5B868249FC3DC00E06155 /* BotConfiguration */ = {
			isa = PBXGroup;
			children = (
				FA5636E42493BEC7002457DF /* BotConfiguration.swift */,
				FA520B8B24F011C2001FFFEA /* ArchiveExportOptions.swift */,
				FAE5B869249FC3FE00E06155 /* ScheduleType.swift */,
				FAE5B86B249FC40B00E06155 /* PeriodicScheduleInterval.swift */,
				FAE5B86D249FC41900E06155 /* WeeklyScheduleDay.swift */,
				FAE5B86F249FC42700E06155 /* BuiltFromClean.swift */,
				FAE5B871249FC43500E06155 /* CodeCoveragePreference.swift */,
			);
			path = BotConfiguration;
			sourceTree = "<group>";
		};
		FAE5B873249FC47900E06155 /* SourceControlConfiguration */ = {
			isa = PBXGroup;
			children = (
				FA5636F32493BEC7002457DF /* SourceControlBlueprint.swift */,
				FA5636EA2493BEC7002457DF /* RemoteRepository.swift */,
				FA5636EE2493BEC7002457DF /* SourceControlLocation.swift */,
				FAE5B874249FC4AE00E06155 /* BranchOptionsKey.swift */,
				FAE5B876249FC4BA00E06155 /* WorkspaceBlueprintLocationType.swift */,
			);
			path = SourceControlConfiguration;
			sourceTree = "<group>";
		};
		FAE5B878249FC4DD00E06155 /* Triggers */ = {
			isa = PBXGroup;
			children = (
				FA5636E82493BEC7002457DF /* Trigger.swift */,
				FAE5B879249FC4FD00E06155 /* TriggerPhase.swift */,
				FA5636E22493BEC7002457DF /* TriggerConditions.swift */,
			);
			path = Triggers;
			sourceTree = "<group>";
		};
/* End PBXGroup section */

/* Begin PBXNativeTarget section */
		FA5636C12493BC55002457DF /* XCSClient */ = {
			isa = PBXNativeTarget;
			buildConfigurationList = FA5636D52493BC56002457DF /* Build configuration list for PBXNativeTarget "XCSClient" */;
			buildPhases = (
				FA5636BE2493BC55002457DF /* Sources */,
				FA5636BF2493BC55002457DF /* Frameworks */,
				FA5636C02493BC55002457DF /* Resources */,
			);
			buildRules = (
			);
			dependencies = (
			);
			name = XCSClient;
			productName = XCSClient;
			productReference = FA5636C22493BC55002457DF /* XCSClient.app */;
			productType = "com.apple.product-type.application";
		};
/* End PBXNativeTarget section */

/* Begin PBXProject section */
		FA5636BA2493BC55002457DF /* Project object */ = {
			isa = PBXProject;
			attributes = {
				LastSwiftUpdateCheck = 1150;
				LastUpgradeCheck = 1230;
				ORGANIZATIONNAME = Farbflash;
				TargetAttributes = {
					FA5636C12493BC55002457DF = {
						CreatedOnToolsVersion = 11.5;
					};
				};
			};
			buildConfigurationList = FA5636BD2493BC55002457DF /* Build configuration list for PBXProject "XCSClient" */;
			compatibilityVersion = "Xcode 9.3";
			developmentRegion = en;
			hasScannedForEncodings = 0;
			knownRegions = (
				en,
				Base,
			);
			mainGroup = FA5636B92493BC55002457DF;
			productRefGroup = FA5636C32493BC55002457DF /* Products */;
			projectDirPath = "";
			projectRoot = "";
			targets = (
				FA5636C12493BC55002457DF /* XCSClient */,
			);
		};
/* End PBXProject section */

/* Begin PBXResourcesBuildPhase section */
		FA5636C02493BC55002457DF /* Resources */ = {
			isa = PBXResourcesBuildPhase;
			buildActionMask = 2147483647;
			files = (
				FA5636D02493BC56002457DF /* Main.storyboard in Resources */,
				FA3E643B25AD8BB200EDD348 /* Colors.xcassets in Resources */,
				FA5636CD2493BC56002457DF /* Preview Assets.xcassets in Resources */,
				FA5636CA2493BC56002457DF /* Assets.xcassets in Resources */,
			);
			runOnlyForDeploymentPostprocessing = 0;
		};
/* End PBXResourcesBuildPhase section */

/* Begin PBXSourcesBuildPhase section */
		FA5636BE2493BC55002457DF /* Sources */ = {
			isa = PBXSourcesBuildPhase;
			buildActionMask = 2147483647;
			files = (
				FA5636F72493BEC7002457DF /* LogFile.swift in Sources */,
				FA7B8A472493D10900C26B50 /* BotDetailView.swift in Sources */,
				FABF8766249D211A005A9D48 /* SimpleTextViewController.swift in Sources */,
				FA5636F92493BEC7002457DF /* DeleteResponse.swift in Sources */,
				FA9D47A72596D02700C38FF5 /* CDBot+Outline.swift in Sources */,
				FAD06C3F259899AA00AD18A4 /* CDPlatform.Codable.swift in Sources */,
				FAE5B870249FC42700E06155 /* BuiltFromClean.swift in Sources */,
				FA17F9192496D1E6000A149D /* ButtonLabel.swift in Sources */,
				FA5636FF2493BEC7002457DF /* Integration.swift in Sources */,
				FAD06C622598BA7400AD18A4 /* CDLogFile+Codable.swift in Sources */,
				FAD06C4F2598ABAB00AD18A4 /* CDSourceControlLocation+Codable.swift in Sources */,
				FAD06C5C2598B76400AD18A4 /* CDIntegrationAssets+Codable.swift in Sources */,
				FA8A3593259E6273001559A8 /* IntegrationViewModel.swift in Sources */,
				FA9D47AA2596D05900C38FF5 /* CDIntegration+Outline.swift in Sources */,
				FA520B8C24F011C2001FFFEA /* ArchiveExportOptions.swift in Sources */,
				FAE5B865249FC33900E06155 /* IntegrationResult.swift in Sources */,
				FAE5B86E249FC41900E06155 /* WeeklyScheduleDay.swift in Sources */,
				FAD06C362598966900AD18A4 /* CDTestDeviceSpecification+Codable.swift in Sources */,
				FAE5B867249FC3B700E06155 /* BotGroup.swift in Sources */,
				FAD06C4C2598A8DD00AD18A4 /* CDSourceControlBlueprint+Codable.swift in Sources */,
				FAD06C4225989BFC00AD18A4 /* CDArchiveExportOptions+Codable.swift in Sources */,
				FAC759C7249E6AEF0028BBFA /* FileHelper.swift in Sources */,
				FA9D478E2596816000C38FF5 /* CDServer+Outline.swift in Sources */,
				FA0CE314259A6C28003E9E43 /* CDTriggerConditions+Codable.swift in Sources */,
				FA5636FD2493BEC7002457DF /* IntegrationsQueryResponse.swift in Sources */,
				FA5636FE2493BEC7002457DF /* RemoteRepository.swift in Sources */,
				FA190BF1249545B500B70206 /* IntegrationDetailView.swift in Sources */,
				FA56370C2493BEED002457DF /* NSError+ConvenienceInit.swift in Sources */,
				FABB718325A1E8BD00D1CFFD /* CDIntegration+CoreDataClass.swift in Sources */,
				FABB718525A1E8BD00D1CFFD /* CDBot+CoreDataClass.swift in Sources */,
				FA8683C025A0DD51003ED214 /* IntegrationUpdateWorker.swift in Sources */,
				FAD06C3325988F8500AD18A4 /* CDBotConfiguration+Codable.swift in Sources */,
				FA20876824BBAD5B0013CC21 /* TriggerScript.swift in Sources */,
				FA8683B025A07614003ED214 /* ShowMoreLessCellModel.swift in Sources */,
				FAE5B87A249FC4FD00E06155 /* TriggerPhase.swift in Sources */,
				FAD06C662598DC3800AD18A4 /* ServerOutlineList.swift in Sources */,
				FA5636F52493BEC7002457DF /* IntegrationAssets.swift in Sources */,
				FA20876624BBACD60013CC21 /* BotEditorData.swift in Sources */,
				FAD9B85724F0492100301714 /* VariablePair.swift in Sources */,
				FAD06C3B259898BD00AD18A4 /* CDTestDeviceFilter+Codable.swift in Sources */,
				FA0FA21125A3FE7D00BBCB0C /* BotSortOrder.swift in Sources */,
				FA8690CD2599071C0014CE4E /* OptionalExtension.swift in Sources */,
				FA68A962259E2B2700604BAE /* BotViewModel.swift in Sources */,
				FAE5B875249FC4AE00E06155 /* BranchOptionsKey.swift in Sources */,
				FA3E643825ACD47600EDD348 /* CreateNewBotForm.swift in Sources */,
				FAD06C5F2598B79B00AD18A4 /* CDBuildResultSummary+Codable.swift in Sources */,
				FA4A636F2594C3F2006DD873 /* CoreDataPersistence.swift in Sources */,
				FA7B8A4A2493E12900C26B50 /* XCSConnector.swift in Sources */,
				FA3E646425AE1CB000EDD348 /* IntegrationResultsIconView.swift in Sources */,
				FA4A63742594C44C006DD873 /* XCSClient.xcdatamodeld in Sources */,
				FAD06C522598ABCD00AD18A4 /* CDRemoteRepository+Codable.swift in Sources */,
				FA5636FB2493BEC7002457DF /* EmailConfiguration.swift in Sources */,
				FA5637002493BEC7002457DF /* Bot.swift in Sources */,
				FA26964124960E9900C7F084 /* InfoLabel.swift in Sources */,
				FAE5B86C249FC40B00E06155 /* PeriodicScheduleInterval.swift in Sources */,
				FA9D479725968B2C00C38FF5 /* CDBotView.swift in Sources */,
				FA5636FC2493BEC7002457DF /* Trigger.swift in Sources */,
				FA8A3599259E735E001559A8 /* CDBot+ViewModel.swift in Sources */,
				FA5EBA7924994A660032834B /* UpdatingStatusText.swift in Sources */,
				FA26964B24961F6200C7F084 /* Platform.swift in Sources */,
				FA5636F82493BEC7002457DF /* BotConfiguration.swift in Sources */,
				FA26964D249620A500C7F084 /* LabeledTextInput.swift in Sources */,
				FA4A63792594CB76006DD873 /* MainView.swift in Sources */,
				FA5636F62493BEC7002457DF /* TriggerConditions.swift in Sources */,
				FA12063825A28E7600E8190E /* Colors.swift in Sources */,
				FA0CE317259A6D31003E9E43 /* CDEmailConfiguration+Codable.swift in Sources */,
				FAE5B877249FC4BA00E06155 /* WorkspaceBlueprintLocationType.swift in Sources */,
				FA26964324960F2600C7F084 /* LabeledStringValue.swift in Sources */,
				FAB8576924F5D65100C646AC /* RevisionInfo.swift in Sources */,
				FA5637022493BEC7002457DF /* SourceControlLocation.swift in Sources */,
				FA5637072493BEC7002457DF /* SourceControlBlueprint.swift in Sources */,
				FA8683BD25A0C71C003ED214 /* AnimatingIcon.swift in Sources */,
				FA8A359D259E7374001559A8 /* CDIntegration+ViewModel.swift in Sources */,
				FA5637032493BEC7002457DF /* BuildResultSummary.swift in Sources */,
				FA5637052493BEC7002457DF /* ErrorResponse.swift in Sources */,
				FAF924B825A38E5300F59978 /* XcodeServer.swift in Sources */,
				FA5637082493BEC7002457DF /* TestDeviceFilter.swift in Sources */,
				FA5636FA2493BEC7002457DF /* ProvisioningConfiguration.swift in Sources */,
				FAE5B872249FC43500E06155 /* CodeCoveragePreference.swift in Sources */,
				FAE5B863249FC26800E06155 /* JSONValue.swift in Sources */,
				FAD06C492598A86300AD18A4 /* CDProvisioningConfiguration+Codable.swift in Sources */,
				FA5636C62493BC55002457DF /* AppDelegate.swift in Sources */,
				FA3E646725AE2C4D00EDD348 /* CDRevisionInfo+Codable.swift in Sources */,
				FA9D479B2596B03C00C38FF5 /* CDIntegrationView.swift in Sources */,
				FA9D47A42596CFD500C38FF5 /* OutlineElement.swift in Sources */,
				FA8683A8259FC69C003ED214 /* DataSyncWorker.swift in Sources */,
				FAD06C09259855FB00AD18A4 /* CDBot+Codable.swift in Sources */,
				FA5637062493BEC7002457DF /* TestDeviceSpecification.swift in Sources */,
				FA20876A24BBB5410013CC21 /* FileDescriptor.swift in Sources */,
				FA8683B325A0777A003ED214 /* ShowMoreLessButton.swift in Sources */,
				FA8683B725A0B82C003ED214 /* ShowLessCellModel.swift in Sources */,
				FA8683BA25A0B8C8003ED214 /* ShowLessButton.swift in Sources */,
				FAE5B86A249FC3FE00E06155 /* ScheduleType.swift in Sources */,
				FAD06C592598B4D700AD18A4 /* CDIntegration+Codable.swift in Sources */,
				FA5637042493BEC7002457DF /* TestDevice.swift in Sources */,
				FA607DEB25AF2A2A00DDB562 /* RevisionInfoView.swift in Sources */,
				FAD06C552598ADF800AD18A4 /* CDTrigger+Codable.swift in Sources */,
				FA9D479E2596B05500C38FF5 /* CDServerView.swift in Sources */,
				FA17F9132496890C000A149D /* ActivityIndicator.swift in Sources */,
				FAD06C452598A4DE00AD18A4 /* CDIPAExportOptions+Codable.swift in Sources */,
				FA68A95F259E28FE00604BAE /* CDServer+Connectable.swift in Sources */,
				FA56370A2493BEDC002457DF /* Server.swift in Sources */,
				FA3E646125AE134600EDD348 /* CapsuleText.swift in Sources */,
				FA5637012493BEC7002457DF /* BotsQueryResponse.swift in Sources */,
			);
			runOnlyForDeploymentPostprocessing = 0;
		};
/* End PBXSourcesBuildPhase section */

/* Begin PBXVariantGroup section */
		FA5636CE2493BC56002457DF /* Main.storyboard */ = {
			isa = PBXVariantGroup;
			children = (
				FA5636CF2493BC56002457DF /* Base */,
			);
			name = Main.storyboard;
			sourceTree = "<group>";
		};
/* End PBXVariantGroup section */

/* Begin XCBuildConfiguration section */
		FA5636D32493BC56002457DF /* Debug */ = {
			isa = XCBuildConfiguration;
			buildSettings = {
				ALWAYS_SEARCH_USER_PATHS = NO;
				CLANG_ANALYZER_NONNULL = YES;
				CLANG_ANALYZER_NUMBER_OBJECT_CONVERSION = YES_AGGRESSIVE;
				CLANG_CXX_LANGUAGE_STANDARD = "gnu++14";
				CLANG_CXX_LIBRARY = "libc++";
				CLANG_ENABLE_MODULES = YES;
				CLANG_ENABLE_OBJC_ARC = YES;
				CLANG_ENABLE_OBJC_WEAK = YES;
				CLANG_WARN_BLOCK_CAPTURE_AUTORELEASING = YES;
				CLANG_WARN_BOOL_CONVERSION = YES;
				CLANG_WARN_COMMA = YES;
				CLANG_WARN_CONSTANT_CONVERSION = YES;
				CLANG_WARN_DEPRECATED_OBJC_IMPLEMENTATIONS = YES;
				CLANG_WARN_DIRECT_OBJC_ISA_USAGE = YES_ERROR;
				CLANG_WARN_DOCUMENTATION_COMMENTS = YES;
				CLANG_WARN_EMPTY_BODY = YES;
				CLANG_WARN_ENUM_CONVERSION = YES;
				CLANG_WARN_INFINITE_RECURSION = YES;
				CLANG_WARN_INT_CONVERSION = YES;
				CLANG_WARN_NON_LITERAL_NULL_CONVERSION = YES;
				CLANG_WARN_OBJC_IMPLICIT_RETAIN_SELF = YES;
				CLANG_WARN_OBJC_LITERAL_CONVERSION = YES;
				CLANG_WARN_OBJC_ROOT_CLASS = YES_ERROR;
				CLANG_WARN_RANGE_LOOP_ANALYSIS = YES;
				CLANG_WARN_STRICT_PROTOTYPES = YES;
				CLANG_WARN_SUSPICIOUS_MOVE = YES;
				CLANG_WARN_UNGUARDED_AVAILABILITY = YES_AGGRESSIVE;
				CLANG_WARN_UNREACHABLE_CODE = YES;
				CLANG_WARN__DUPLICATE_METHOD_MATCH = YES;
				COPY_PHASE_STRIP = NO;
				DEBUG_INFORMATION_FORMAT = dwarf;
				ENABLE_STRICT_OBJC_MSGSEND = YES;
				ENABLE_TESTABILITY = YES;
				GCC_C_LANGUAGE_STANDARD = gnu11;
				GCC_DYNAMIC_NO_PIC = NO;
				GCC_NO_COMMON_BLOCKS = YES;
				GCC_OPTIMIZATION_LEVEL = 0;
				GCC_PREPROCESSOR_DEFINITIONS = (
					"DEBUG=1",
					"$(inherited)",
				);
				GCC_WARN_64_TO_32_BIT_CONVERSION = YES;
				GCC_WARN_ABOUT_RETURN_TYPE = YES_ERROR;
				GCC_WARN_UNDECLARED_SELECTOR = YES;
				GCC_WARN_UNINITIALIZED_AUTOS = YES_AGGRESSIVE;
				GCC_WARN_UNUSED_FUNCTION = YES;
				GCC_WARN_UNUSED_VARIABLE = YES;
				MACOSX_DEPLOYMENT_TARGET = 11.1;
				MTL_ENABLE_DEBUG_INFO = INCLUDE_SOURCE;
				MTL_FAST_MATH = YES;
				ONLY_ACTIVE_ARCH = YES;
				SDKROOT = macosx;
				SWIFT_ACTIVE_COMPILATION_CONDITIONS = DEBUG;
				SWIFT_OPTIMIZATION_LEVEL = "-Onone";
			};
			name = Debug;
		};
		FA5636D42493BC56002457DF /* Release */ = {
			isa = XCBuildConfiguration;
			buildSettings = {
				ALWAYS_SEARCH_USER_PATHS = NO;
				CLANG_ANALYZER_NONNULL = YES;
				CLANG_ANALYZER_NUMBER_OBJECT_CONVERSION = YES_AGGRESSIVE;
				CLANG_CXX_LANGUAGE_STANDARD = "gnu++14";
				CLANG_CXX_LIBRARY = "libc++";
				CLANG_ENABLE_MODULES = YES;
				CLANG_ENABLE_OBJC_ARC = YES;
				CLANG_ENABLE_OBJC_WEAK = YES;
				CLANG_WARN_BLOCK_CAPTURE_AUTORELEASING = YES;
				CLANG_WARN_BOOL_CONVERSION = YES;
				CLANG_WARN_COMMA = YES;
				CLANG_WARN_CONSTANT_CONVERSION = YES;
				CLANG_WARN_DEPRECATED_OBJC_IMPLEMENTATIONS = YES;
				CLANG_WARN_DIRECT_OBJC_ISA_USAGE = YES_ERROR;
				CLANG_WARN_DOCUMENTATION_COMMENTS = YES;
				CLANG_WARN_EMPTY_BODY = YES;
				CLANG_WARN_ENUM_CONVERSION = YES;
				CLANG_WARN_INFINITE_RECURSION = YES;
				CLANG_WARN_INT_CONVERSION = YES;
				CLANG_WARN_NON_LITERAL_NULL_CONVERSION = YES;
				CLANG_WARN_OBJC_IMPLICIT_RETAIN_SELF = YES;
				CLANG_WARN_OBJC_LITERAL_CONVERSION = YES;
				CLANG_WARN_OBJC_ROOT_CLASS = YES_ERROR;
				CLANG_WARN_RANGE_LOOP_ANALYSIS = YES;
				CLANG_WARN_STRICT_PROTOTYPES = YES;
				CLANG_WARN_SUSPICIOUS_MOVE = YES;
				CLANG_WARN_UNGUARDED_AVAILABILITY = YES_AGGRESSIVE;
				CLANG_WARN_UNREACHABLE_CODE = YES;
				CLANG_WARN__DUPLICATE_METHOD_MATCH = YES;
				COPY_PHASE_STRIP = NO;
				DEBUG_INFORMATION_FORMAT = "dwarf-with-dsym";
				ENABLE_NS_ASSERTIONS = NO;
				ENABLE_STRICT_OBJC_MSGSEND = YES;
				GCC_C_LANGUAGE_STANDARD = gnu11;
				GCC_NO_COMMON_BLOCKS = YES;
				GCC_WARN_64_TO_32_BIT_CONVERSION = YES;
				GCC_WARN_ABOUT_RETURN_TYPE = YES_ERROR;
				GCC_WARN_UNDECLARED_SELECTOR = YES;
				GCC_WARN_UNINITIALIZED_AUTOS = YES_AGGRESSIVE;
				GCC_WARN_UNUSED_FUNCTION = YES;
				GCC_WARN_UNUSED_VARIABLE = YES;
				MACOSX_DEPLOYMENT_TARGET = 11.1;
				MTL_ENABLE_DEBUG_INFO = NO;
				MTL_FAST_MATH = YES;
				SDKROOT = macosx;
				SWIFT_COMPILATION_MODE = wholemodule;
				SWIFT_OPTIMIZATION_LEVEL = "-O";
			};
			name = Release;
		};
		FA5636D62493BC56002457DF /* Debug */ = {
			isa = XCBuildConfiguration;
			buildSettings = {
				ASSETCATALOG_COMPILER_APPICON_NAME = AppIcon;
				CODE_SIGN_ENTITLEMENTS = XCSClient/XCSClientDebug.entitlements;
				CODE_SIGN_STYLE = Automatic;
				COMBINE_HIDPI_IMAGES = YES;
				CURRENT_PROJECT_VERSION = 4;
				DEVELOPMENT_ASSET_PATHS = "\"XCSClient/Preview Content\"";
				DEVELOPMENT_TEAM = GNGL9A39VR;
				ENABLE_HARDENED_RUNTIME = YES;
				ENABLE_PREVIEWS = YES;
				INFOPLIST_FILE = XCSClient/Info.plist;
				LD_RUNPATH_SEARCH_PATHS = (
					"$(inherited)",
					"@executable_path/../Frameworks",
				);
				MACOSX_DEPLOYMENT_TARGET = 11.1;
				MARKETING_VERSION = 2.0;
				PRODUCT_BUNDLE_IDENTIFIER = com.farbflash.XCSClient;
				PRODUCT_NAME = "$(TARGET_NAME)";
				SWIFT_VERSION = 5.0;
			};
			name = Debug;
		};
		FA5636D72493BC56002457DF /* Release */ = {
			isa = XCBuildConfiguration;
			buildSettings = {
				ASSETCATALOG_COMPILER_APPICON_NAME = AppIcon;
				CODE_SIGN_ENTITLEMENTS = XCSClient/XCSClient.entitlements;
				CODE_SIGN_STYLE = Automatic;
				COMBINE_HIDPI_IMAGES = YES;
				CURRENT_PROJECT_VERSION = 4;
				DEVELOPMENT_ASSET_PATHS = "\"XCSClient/Preview Content\"";
				DEVELOPMENT_TEAM = GNGL9A39VR;
				ENABLE_HARDENED_RUNTIME = YES;
				ENABLE_PREVIEWS = YES;
				INFOPLIST_FILE = XCSClient/Info.plist;
				LD_RUNPATH_SEARCH_PATHS = (
					"$(inherited)",
					"@executable_path/../Frameworks",
				);
				MACOSX_DEPLOYMENT_TARGET = 11.1;
				MARKETING_VERSION = 2.0;
				PRODUCT_BUNDLE_IDENTIFIER = com.farbflash.XCSClient;
				PRODUCT_NAME = "$(TARGET_NAME)";
				SWIFT_VERSION = 5.0;
			};
			name = Release;
		};
/* End XCBuildConfiguration section */

/* Begin XCConfigurationList section */
		FA5636BD2493BC55002457DF /* Build configuration list for PBXProject "XCSClient" */ = {
			isa = XCConfigurationList;
			buildConfigurations = (
				FA5636D32493BC56002457DF /* Debug */,
				FA5636D42493BC56002457DF /* Release */,
			);
			defaultConfigurationIsVisible = 0;
			defaultConfigurationName = Release;
		};
		FA5636D52493BC56002457DF /* Build configuration list for PBXNativeTarget "XCSClient" */ = {
			isa = XCConfigurationList;
			buildConfigurations = (
				FA5636D62493BC56002457DF /* Debug */,
				FA5636D72493BC56002457DF /* Release */,
			);
			defaultConfigurationIsVisible = 0;
			defaultConfigurationName = Release;
		};
/* End XCConfigurationList section */

/* Begin XCVersionGroup section */
		FA4A63722594C44C006DD873 /* XCSClient.xcdatamodeld */ = {
			isa = XCVersionGroup;
			children = (
				FA4A63732594C44C006DD873 /* XCSClient.xcdatamodel */,
			);
			currentVersion = FA4A63732594C44C006DD873 /* XCSClient.xcdatamodel */;
			path = XCSClient.xcdatamodeld;
			sourceTree = "<group>";
			versionGroupType = wrapper.xcdatamodel;
		};
/* End XCVersionGroup section */
	};
	rootObject = FA5636BA2493BC55002457DF /* Project object */;
}
